// !$*UTF8*$!
{
	archiveVersion = 1;
	classes = {
	};
	objectVersion = 56;
	objects = {

/* Begin PBXBuildFile section */
		EF882E9B2B108E6400E957FD /* AppDelegate.swift in Sources */ = {isa = PBXBuildFile; fileRef = EF882E9A2B108E6400E957FD /* AppDelegate.swift */; };
		EF882E9F2B108E6400E957FD /* TrackerViewController.swift in Sources */ = {isa = PBXBuildFile; fileRef = EF882E9E2B108E6400E957FD /* TrackerViewController.swift */; };
		EF882EA42B108E6500E957FD /* Assets.xcassets in Resources */ = {isa = PBXBuildFile; fileRef = EF882EA32B108E6500E957FD /* Assets.xcassets */; };
		EF882EA72B108E6500E957FD /* LaunchScreen.storyboard in Resources */ = {isa = PBXBuildFile; fileRef = EF882EA52B108E6500E957FD /* LaunchScreen.storyboard */; };
		EF882EB02B13881A00E957FD /* UIColors + Extantions.swift in Sources */ = {isa = PBXBuildFile; fileRef = EF882EAF2B13881A00E957FD /* UIColors + Extantions.swift */; };
		EF882EB22B13A46700E957FD /* StatisticsViewController.swift in Sources */ = {isa = PBXBuildFile; fileRef = EF882EB12B13A46700E957FD /* StatisticsViewController.swift */; };
		EF8A75F62C50DD11008FC17D /* UIViewController + Extension.swift in Sources */ = {isa = PBXBuildFile; fileRef = EF8A75F52C50DD11008FC17D /* UIViewController + Extension.swift */; };
		EF8A75F82C50DD31008FC17D /* Int + Extension.swift in Sources */ = {isa = PBXBuildFile; fileRef = EF8A75F72C50DD31008FC17D /* Int + Extension.swift */; };
		EF8A75FA2C50DD54008FC17D /* Date + Extension.swift in Sources */ = {isa = PBXBuildFile; fileRef = EF8A75F92C50DD54008FC17D /* Date + Extension.swift */; };
		EF8A75FC2C50DDDC008FC17D /* UISearchBar + Extension.swift in Sources */ = {isa = PBXBuildFile; fileRef = EF8A75FB2C50DDDC008FC17D /* UISearchBar + Extension.swift */; };
		EF8A75FE2C50DDF3008FC17D /* UIImage + Extension.swift in Sources */ = {isa = PBXBuildFile; fileRef = EF8A75FD2C50DDF3008FC17D /* UIImage + Extension.swift */; };
		EF8A76002C50DE4B008FC17D /* WeekDay.swift in Sources */ = {isa = PBXBuildFile; fileRef = EF8A75FF2C50DE4B008FC17D /* WeekDay.swift */; };
		EF8A76022C50DE6B008FC17D /* Mocks.swift in Sources */ = {isa = PBXBuildFile; fileRef = EF8A76012C50DE6B008FC17D /* Mocks.swift */; };
		EF8A76042C50DE91008FC17D /* GeometricParams.swift in Sources */ = {isa = PBXBuildFile; fileRef = EF8A76032C50DE91008FC17D /* GeometricParams.swift */; };
		EF8A76062C50DF13008FC17D /* HabitOrEventViewController.swift in Sources */ = {isa = PBXBuildFile; fileRef = EF8A76052C50DF13008FC17D /* HabitOrEventViewController.swift */; };
		EF8A76082C50E451008FC17D /* TrackerCreatingViewController.swift in Sources */ = {isa = PBXBuildFile; fileRef = EF8A76072C50E451008FC17D /* TrackerCreatingViewController.swift */; };
		EF8A760A2C50E56C008FC17D /* ScheduleViewController.swift in Sources */ = {isa = PBXBuildFile; fileRef = EF8A76092C50E56C008FC17D /* ScheduleViewController.swift */; };
		EF8A760C2C50E586008FC17D /* CategoriesViewController.swift in Sources */ = {isa = PBXBuildFile; fileRef = EF8A760B2C50E586008FC17D /* CategoriesViewController.swift */; };
		EF8A760E2C50E5A7008FC17D /* NewCategoryViewController.swift in Sources */ = {isa = PBXBuildFile; fileRef = EF8A760D2C50E5A7008FC17D /* NewCategoryViewController.swift */; };
		EF8A76112C50E5F4008FC17D /* TrackerCell.swift in Sources */ = {isa = PBXBuildFile; fileRef = EF8A76102C50E5F4008FC17D /* TrackerCell.swift */; };
		EF8A76132C50E60D008FC17D /* EmojiCell.swift in Sources */ = {isa = PBXBuildFile; fileRef = EF8A76122C50E60D008FC17D /* EmojiCell.swift */; };
		EF8A76152C50E623008FC17D /* ColorCell.swift in Sources */ = {isa = PBXBuildFile; fileRef = EF8A76142C50E623008FC17D /* ColorCell.swift */; };
		EF8A76172C50E63F008FC17D /* SupplementaryView.swift in Sources */ = {isa = PBXBuildFile; fileRef = EF8A76162C50E63F008FC17D /* SupplementaryView.swift */; };
		EF8A76192C50E6F7008FC17D /* enumForSections.swift in Sources */ = {isa = PBXBuildFile; fileRef = EF8A76182C50E6F7008FC17D /* enumForSections.swift */; };
		EF8A761B2C50E718008FC17D /* CustomTextField.swift in Sources */ = {isa = PBXBuildFile; fileRef = EF8A761A2C50E718008FC17D /* CustomTextField.swift */; };
		EF8A761D2C50E937008FC17D /* SceneDelegate.swift in Sources */ = {isa = PBXBuildFile; fileRef = EF8A761C2C50E937008FC17D /* SceneDelegate.swift */; };
		EF8A76212C577C4D008FC17D /* TrackerModels.xcdatamodeld in Sources */ = {isa = PBXBuildFile; fileRef = EF8A761F2C577C4D008FC17D /* TrackerModels.xcdatamodeld */; };
		EF8A76242C578EA7008FC17D /* TrackerStore.swift in Sources */ = {isa = PBXBuildFile; fileRef = EF8A76232C578EA7008FC17D /* TrackerStore.swift */; };
		EF8A76262C578ECA008FC17D /* TrackerCategoryStore.swift in Sources */ = {isa = PBXBuildFile; fileRef = EF8A76252C578ECA008FC17D /* TrackerCategoryStore.swift */; };
		EF8A76282C578EEE008FC17D /* TrackerRecordStore.swift in Sources */ = {isa = PBXBuildFile; fileRef = EF8A76272C578EEE008FC17D /* TrackerRecordStore.swift */; };
		EF8A762B2C5792E6008FC17D /* DaysValueTransformer.swift in Sources */ = {isa = PBXBuildFile; fileRef = EF8A762A2C5792E6008FC17D /* DaysValueTransformer.swift */; };
		EF8A762D2C5792FE008FC17D /* ColorTransformer.swift in Sources */ = {isa = PBXBuildFile; fileRef = EF8A762C2C5792FE008FC17D /* ColorTransformer.swift */; };
		EF8A762F2C57932A008FC17D /* Errors.swift in Sources */ = {isa = PBXBuildFile; fileRef = EF8A762E2C57932A008FC17D /* Errors.swift */; };
		EF8A76672C5A2134008FC17D /* CategoryViewModel.swift in Sources */ = {isa = PBXBuildFile; fileRef = EF8A76662C5A2134008FC17D /* CategoryViewModel.swift */; };
		EF8A766A2C5A2417008FC17D /* SplashViewController.swift in Sources */ = {isa = PBXBuildFile; fileRef = EF8A76692C5A2417008FC17D /* SplashViewController.swift */; };
		EF8A766C2C5A2430008FC17D /* FirstLaunchStorage.swift in Sources */ = {isa = PBXBuildFile; fileRef = EF8A766B2C5A2430008FC17D /* FirstLaunchStorage.swift */; };
		EF8A766F2C5A245A008FC17D /* FirstPageViewController.swift in Sources */ = {isa = PBXBuildFile; fileRef = EF8A766E2C5A245A008FC17D /* FirstPageViewController.swift */; };
		EF8A76712C5A2479008FC17D /* SecondPageViewController.swift in Sources */ = {isa = PBXBuildFile; fileRef = EF8A76702C5A2479008FC17D /* SecondPageViewController.swift */; };
		EF8A76732C5A249B008FC17D /* OnboardingViewController.swift in Sources */ = {isa = PBXBuildFile; fileRef = EF8A76722C5A249B008FC17D /* OnboardingViewController.swift */; };
		EFB5C8E82B15DD1A00C6D900 /* TabBarController.swift in Sources */ = {isa = PBXBuildFile; fileRef = EFB5C8E72B15DD1A00C6D900 /* TabBarController.swift */; };
		EFB5C9512B18A29300C6D900 /* Tracker.swift in Sources */ = {isa = PBXBuildFile; fileRef = EFB5C9502B18A29300C6D900 /* Tracker.swift */; };
		EFB5C9532B18A36A00C6D900 /* TrackerCategory.swift in Sources */ = {isa = PBXBuildFile; fileRef = EFB5C9522B18A36900C6D900 /* TrackerCategory.swift */; };
		EFB5C9552B18A3AE00C6D900 /* TrackerRecord.swift in Sources */ = {isa = PBXBuildFile; fileRef = EFB5C9542B18A3AE00C6D900 /* TrackerRecord.swift */; };
/* End PBXBuildFile section */

/* Begin PBXFileReference section */
		EF882E972B108E6400E957FD /* Traker.app */ = {isa = PBXFileReference; explicitFileType = wrapper.application; includeInIndex = 0; path = Traker.app; sourceTree = BUILT_PRODUCTS_DIR; };
		EF882E9A2B108E6400E957FD /* AppDelegate.swift */ = {isa = PBXFileReference; lastKnownFileType = sourcecode.swift; path = AppDelegate.swift; sourceTree = "<group>"; };
		EF882E9E2B108E6400E957FD /* TrackerViewController.swift */ = {isa = PBXFileReference; lastKnownFileType = sourcecode.swift; path = TrackerViewController.swift; sourceTree = "<group>"; };
		EF882EA32B108E6500E957FD /* Assets.xcassets */ = {isa = PBXFileReference; lastKnownFileType = folder.assetcatalog; path = Assets.xcassets; sourceTree = "<group>"; };
		EF882EA62B108E6500E957FD /* Base */ = {isa = PBXFileReference; lastKnownFileType = file.storyboard; name = Base; path = Base.lproj/LaunchScreen.storyboard; sourceTree = "<group>"; };
		EF882EA82B108E6500E957FD /* Info.plist */ = {isa = PBXFileReference; lastKnownFileType = text.plist.xml; path = Info.plist; sourceTree = "<group>"; };
		EF882EAF2B13881A00E957FD /* UIColors + Extantions.swift */ = {isa = PBXFileReference; lastKnownFileType = sourcecode.swift; path = "UIColors + Extantions.swift"; sourceTree = "<group>"; };
		EF882EB12B13A46700E957FD /* StatisticsViewController.swift */ = {isa = PBXFileReference; lastKnownFileType = sourcecode.swift; path = StatisticsViewController.swift; sourceTree = "<group>"; };
		EF8A75F52C50DD11008FC17D /* UIViewController + Extension.swift */ = {isa = PBXFileReference; lastKnownFileType = sourcecode.swift; path = "UIViewController + Extension.swift"; sourceTree = "<group>"; };
		EF8A75F72C50DD31008FC17D /* Int + Extension.swift */ = {isa = PBXFileReference; lastKnownFileType = sourcecode.swift; path = "Int + Extension.swift"; sourceTree = "<group>"; };
		EF8A75F92C50DD54008FC17D /* Date + Extension.swift */ = {isa = PBXFileReference; lastKnownFileType = sourcecode.swift; path = "Date + Extension.swift"; sourceTree = "<group>"; };
		EF8A75FB2C50DDDC008FC17D /* UISearchBar + Extension.swift */ = {isa = PBXFileReference; lastKnownFileType = sourcecode.swift; path = "UISearchBar + Extension.swift"; sourceTree = "<group>"; };
		EF8A75FD2C50DDF3008FC17D /* UIImage + Extension.swift */ = {isa = PBXFileReference; lastKnownFileType = sourcecode.swift; path = "UIImage + Extension.swift"; sourceTree = "<group>"; };
		EF8A75FF2C50DE4B008FC17D /* WeekDay.swift */ = {isa = PBXFileReference; lastKnownFileType = sourcecode.swift; path = WeekDay.swift; sourceTree = "<group>"; };
		EF8A76012C50DE6B008FC17D /* Mocks.swift */ = {isa = PBXFileReference; lastKnownFileType = sourcecode.swift; path = Mocks.swift; sourceTree = "<group>"; };
		EF8A76032C50DE91008FC17D /* GeometricParams.swift */ = {isa = PBXFileReference; lastKnownFileType = sourcecode.swift; path = GeometricParams.swift; sourceTree = "<group>"; };
		EF8A76052C50DF13008FC17D /* HabitOrEventViewController.swift */ = {isa = PBXFileReference; lastKnownFileType = sourcecode.swift; path = HabitOrEventViewController.swift; sourceTree = "<group>"; };
		EF8A76072C50E451008FC17D /* TrackerCreatingViewController.swift */ = {isa = PBXFileReference; lastKnownFileType = sourcecode.swift; path = TrackerCreatingViewController.swift; sourceTree = "<group>"; };
		EF8A76092C50E56C008FC17D /* ScheduleViewController.swift */ = {isa = PBXFileReference; lastKnownFileType = sourcecode.swift; path = ScheduleViewController.swift; sourceTree = "<group>"; };
		EF8A760B2C50E586008FC17D /* CategoriesViewController.swift */ = {isa = PBXFileReference; lastKnownFileType = sourcecode.swift; path = CategoriesViewController.swift; sourceTree = "<group>"; };
		EF8A760D2C50E5A7008FC17D /* NewCategoryViewController.swift */ = {isa = PBXFileReference; lastKnownFileType = sourcecode.swift; path = NewCategoryViewController.swift; sourceTree = "<group>"; };
		EF8A76102C50E5F4008FC17D /* TrackerCell.swift */ = {isa = PBXFileReference; lastKnownFileType = sourcecode.swift; path = TrackerCell.swift; sourceTree = "<group>"; };
		EF8A76122C50E60D008FC17D /* EmojiCell.swift */ = {isa = PBXFileReference; lastKnownFileType = sourcecode.swift; path = EmojiCell.swift; sourceTree = "<group>"; };
		EF8A76142C50E623008FC17D /* ColorCell.swift */ = {isa = PBXFileReference; lastKnownFileType = sourcecode.swift; path = ColorCell.swift; sourceTree = "<group>"; };
		EF8A76162C50E63F008FC17D /* SupplementaryView.swift */ = {isa = PBXFileReference; lastKnownFileType = sourcecode.swift; path = SupplementaryView.swift; sourceTree = "<group>"; };
		EF8A76182C50E6F7008FC17D /* enumForSections.swift */ = {isa = PBXFileReference; lastKnownFileType = sourcecode.swift; path = enumForSections.swift; sourceTree = "<group>"; };
		EF8A761A2C50E718008FC17D /* CustomTextField.swift */ = {isa = PBXFileReference; lastKnownFileType = sourcecode.swift; path = CustomTextField.swift; sourceTree = "<group>"; };
		EF8A761C2C50E937008FC17D /* SceneDelegate.swift */ = {isa = PBXFileReference; lastKnownFileType = sourcecode.swift; path = SceneDelegate.swift; sourceTree = "<group>"; };
		EF8A76202C577C4D008FC17D /* TrackerModels.xcdatamodel */ = {isa = PBXFileReference; lastKnownFileType = wrapper.xcdatamodel; path = TrackerModels.xcdatamodel; sourceTree = "<group>"; };
		EF8A76232C578EA7008FC17D /* TrackerStore.swift */ = {isa = PBXFileReference; lastKnownFileType = sourcecode.swift; path = TrackerStore.swift; sourceTree = "<group>"; };
		EF8A76252C578ECA008FC17D /* TrackerCategoryStore.swift */ = {isa = PBXFileReference; lastKnownFileType = sourcecode.swift; path = TrackerCategoryStore.swift; sourceTree = "<group>"; };
		EF8A76272C578EEE008FC17D /* TrackerRecordStore.swift */ = {isa = PBXFileReference; lastKnownFileType = sourcecode.swift; path = TrackerRecordStore.swift; sourceTree = "<group>"; };
		EF8A762A2C5792E6008FC17D /* DaysValueTransformer.swift */ = {isa = PBXFileReference; lastKnownFileType = sourcecode.swift; path = DaysValueTransformer.swift; sourceTree = "<group>"; };
		EF8A762C2C5792FE008FC17D /* ColorTransformer.swift */ = {isa = PBXFileReference; lastKnownFileType = sourcecode.swift; path = ColorTransformer.swift; sourceTree = "<group>"; };
		EF8A762E2C57932A008FC17D /* Errors.swift */ = {isa = PBXFileReference; lastKnownFileType = sourcecode.swift; path = Errors.swift; sourceTree = "<group>"; };
		EF8A76662C5A2134008FC17D /* CategoryViewModel.swift */ = {isa = PBXFileReference; lastKnownFileType = sourcecode.swift; path = CategoryViewModel.swift; sourceTree = "<group>"; };
		EF8A76692C5A2417008FC17D /* SplashViewController.swift */ = {isa = PBXFileReference; lastKnownFileType = sourcecode.swift; path = SplashViewController.swift; sourceTree = "<group>"; };
		EF8A766B2C5A2430008FC17D /* FirstLaunchStorage.swift */ = {isa = PBXFileReference; lastKnownFileType = sourcecode.swift; path = FirstLaunchStorage.swift; sourceTree = "<group>"; };
		EF8A766E2C5A245A008FC17D /* FirstPageViewController.swift */ = {isa = PBXFileReference; lastKnownFileType = sourcecode.swift; path = FirstPageViewController.swift; sourceTree = "<group>"; };
		EF8A76702C5A2479008FC17D /* SecondPageViewController.swift */ = {isa = PBXFileReference; lastKnownFileType = sourcecode.swift; path = SecondPageViewController.swift; sourceTree = "<group>"; };
		EF8A76722C5A249B008FC17D /* OnboardingViewController.swift */ = {isa = PBXFileReference; lastKnownFileType = sourcecode.swift; path = OnboardingViewController.swift; sourceTree = "<group>"; };
		EFB5C8E72B15DD1A00C6D900 /* TabBarController.swift */ = {isa = PBXFileReference; lastKnownFileType = sourcecode.swift; path = TabBarController.swift; sourceTree = "<group>"; };
		EFB5C9502B18A29300C6D900 /* Tracker.swift */ = {isa = PBXFileReference; lastKnownFileType = sourcecode.swift; path = Tracker.swift; sourceTree = "<group>"; };
		EFB5C9522B18A36900C6D900 /* TrackerCategory.swift */ = {isa = PBXFileReference; lastKnownFileType = sourcecode.swift; path = TrackerCategory.swift; sourceTree = "<group>"; };
		EFB5C9542B18A3AE00C6D900 /* TrackerRecord.swift */ = {isa = PBXFileReference; lastKnownFileType = sourcecode.swift; path = TrackerRecord.swift; sourceTree = "<group>"; };
/* End PBXFileReference section */

/* Begin PBXFrameworksBuildPhase section */
		EF882E942B108E6400E957FD /* Frameworks */ = {
			isa = PBXFrameworksBuildPhase;
			buildActionMask = 2147483647;
			files = (
			);
			runOnlyForDeploymentPostprocessing = 0;
		};
/* End PBXFrameworksBuildPhase section */

/* Begin PBXGroup section */
		EF882E8E2B108E6400E957FD = {
			isa = PBXGroup;
			children = (
				EF882E992B108E6400E957FD /* Traker */,
				EF882E982B108E6400E957FD /* Products */,
			);
			sourceTree = "<group>";
		};
		EF882E982B108E6400E957FD /* Products */ = {
			isa = PBXGroup;
			children = (
				EF882E972B108E6400E957FD /* Traker.app */,
			);
			name = Products;
			sourceTree = "<group>";
		};
		EF882E992B108E6400E957FD /* Traker */ = {
			isa = PBXGroup;
			children = (
				EF8A76642C5A1674008FC17D /* Onboarding */,
				EF8A75F42C50D4B2008FC17D /* Setings */,
				EFB5C8EA2B15E3DE00C6D900 /* AddingHabits */,
				EFB5C8E92B15DD5B00C6D900 /* TabBarController */,
				EF8A761E2C577BFC008FC17D /* CoreData */,
				EFB5C94F2B18A25800C6D900 /* Models */,
				EF882EAE2B13880500E957FD /* Helps */,
				EF882EA32B108E6500E957FD /* Assets.xcassets */,
				EF882EA52B108E6500E957FD /* LaunchScreen.storyboard */,
				EF882EA82B108E6500E957FD /* Info.plist */,
				EF8A761A2C50E718008FC17D /* CustomTextField.swift */,
			);
			path = Traker;
			sourceTree = "<group>";
		};
		EF882EAE2B13880500E957FD /* Helps */ = {
			isa = PBXGroup;
			children = (
				EF882EAF2B13881A00E957FD /* UIColors + Extantions.swift */,
				EF8A75F52C50DD11008FC17D /* UIViewController + Extension.swift */,
				EF8A75F72C50DD31008FC17D /* Int + Extension.swift */,
				EF8A75F92C50DD54008FC17D /* Date + Extension.swift */,
				EF8A75FB2C50DDDC008FC17D /* UISearchBar + Extension.swift */,
				EF8A75FD2C50DDF3008FC17D /* UIImage + Extension.swift */,
			);
			path = Helps;
			sourceTree = "<group>";
		};
		EF8A75F42C50D4B2008FC17D /* Setings */ = {
			isa = PBXGroup;
			children = (
				EF882E9A2B108E6400E957FD /* AppDelegate.swift */,
				EF8A761C2C50E937008FC17D /* SceneDelegate.swift */,
			);
			path = Setings;
			sourceTree = "<group>";
		};
		EF8A760F2C50E5D7008FC17D /* CollectionView */ = {
			isa = PBXGroup;
			children = (
				EF8A76102C50E5F4008FC17D /* TrackerCell.swift */,
				EF8A76122C50E60D008FC17D /* EmojiCell.swift */,
				EF8A76142C50E623008FC17D /* ColorCell.swift */,
				EF8A76162C50E63F008FC17D /* SupplementaryView.swift */,
				EF8A76182C50E6F7008FC17D /* enumForSections.swift */,
			);
			path = CollectionView;
			sourceTree = "<group>";
		};
		EF8A761E2C577BFC008FC17D /* CoreData */ = {
			isa = PBXGroup;
			children = (
				EF8A76292C5792D5008FC17D /* Transformable */,
				EF8A76222C578E92008FC17D /* Stores */,
				EF8A761F2C577C4D008FC17D /* TrackerModels.xcdatamodeld */,
				EF8A762E2C57932A008FC17D /* Errors.swift */,
			);
			path = CoreData;
			sourceTree = "<group>";
		};
		EF8A76222C578E92008FC17D /* Stores */ = {
			isa = PBXGroup;
			children = (
				EF8A76232C578EA7008FC17D /* TrackerStore.swift */,
				EF8A76252C578ECA008FC17D /* TrackerCategoryStore.swift */,
				EF8A76272C578EEE008FC17D /* TrackerRecordStore.swift */,
			);
			path = Stores;
			sourceTree = "<group>";
		};
		EF8A76292C5792D5008FC17D /* Transformable */ = {
			isa = PBXGroup;
			children = (
				EF8A762A2C5792E6008FC17D /* DaysValueTransformer.swift */,
				EF8A762C2C5792FE008FC17D /* ColorTransformer.swift */,
			);
			path = Transformable;
			sourceTree = "<group>";
		};
		EF8A76642C5A1674008FC17D /* Onboarding */ = {
			isa = PBXGroup;
			children = (
				EF8A766D2C5A2449008FC17D /* Pages */,
				EF8A76682C5A2405008FC17D /* SpashViewController */,
				EF8A76722C5A249B008FC17D /* OnboardingViewController.swift */,
			);
			path = Onboarding;
			sourceTree = "<group>";
		};
		EF8A76652C5A1FED008FC17D /* Category */ = {
			isa = PBXGroup;
			children = (
				EF8A760B2C50E586008FC17D /* CategoriesViewController.swift */,
				EF8A76662C5A2134008FC17D /* CategoryViewModel.swift */,
				EF8A760D2C50E5A7008FC17D /* NewCategoryViewController.swift */,
			);
			path = Category;
			sourceTree = "<group>";
		};
		EF8A76682C5A2405008FC17D /* SpashViewController */ = {
			isa = PBXGroup;
			children = (
				EF8A76692C5A2417008FC17D /* SplashViewController.swift */,
				EF8A766B2C5A2430008FC17D /* FirstLaunchStorage.swift */,
			);
			path = SpashViewController;
			sourceTree = "<group>";
		};
		EF8A766D2C5A2449008FC17D /* Pages */ = {
			isa = PBXGroup;
			children = (
				EF8A766E2C5A245A008FC17D /* FirstPageViewController.swift */,
				EF8A76702C5A2479008FC17D /* SecondPageViewController.swift */,
			);
			path = Pages;
			sourceTree = "<group>";
		};
		EFB5C8E92B15DD5B00C6D900 /* TabBarController */ = {
			isa = PBXGroup;
			children = (
				EFB5C8E72B15DD1A00C6D900 /* TabBarController.swift */,
			);
			path = TabBarController;
			sourceTree = "<group>";
		};
		EFB5C8EA2B15E3DE00C6D900 /* AddingHabits */ = {
			isa = PBXGroup;
			children = (
				EF8A76652C5A1FED008FC17D /* Category */,
				EF882E9E2B108E6400E957FD /* TrackerViewController.swift */,
				EF8A76052C50DF13008FC17D /* HabitOrEventViewController.swift */,
				EF882EB12B13A46700E957FD /* StatisticsViewController.swift */,
				EF8A76072C50E451008FC17D /* TrackerCreatingViewController.swift */,
				EF8A76092C50E56C008FC17D /* ScheduleViewController.swift */,
				EF8A760F2C50E5D7008FC17D /* CollectionView */,
			);
			path = AddingHabits;
			sourceTree = "<group>";
		};
		EFB5C94F2B18A25800C6D900 /* Models */ = {
			isa = PBXGroup;
			children = (
				EFB5C9502B18A29300C6D900 /* Tracker.swift */,
				EFB5C9522B18A36900C6D900 /* TrackerCategory.swift */,
				EFB5C9542B18A3AE00C6D900 /* TrackerRecord.swift */,
				EF8A75FF2C50DE4B008FC17D /* WeekDay.swift */,
				EF8A76012C50DE6B008FC17D /* Mocks.swift */,
				EF8A76032C50DE91008FC17D /* GeometricParams.swift */,
			);
			path = Models;
			sourceTree = "<group>";
		};
/* End PBXGroup section */

/* Begin PBXNativeTarget section */
		EF882E962B108E6400E957FD /* Traker */ = {
			isa = PBXNativeTarget;
			buildConfigurationList = EF882EAB2B108E6500E957FD /* Build configuration list for PBXNativeTarget "Traker" */;
			buildPhases = (
				EF882E932B108E6400E957FD /* Sources */,
				EF882E942B108E6400E957FD /* Frameworks */,
				EF882E952B108E6400E957FD /* Resources */,
			);
			buildRules = (
			);
			dependencies = (
			);
			name = Traker;
			packageProductDependencies = (
			);
			productName = Traker;
			productReference = EF882E972B108E6400E957FD /* Traker.app */;
			productType = "com.apple.product-type.application";
		};
/* End PBXNativeTarget section */

/* Begin PBXProject section */
		EF882E8F2B108E6400E957FD /* Project object */ = {
			isa = PBXProject;
			attributes = {
				BuildIndependentTargetsInParallel = 1;
				LastSwiftUpdateCheck = 1430;
				LastUpgradeCheck = 1430;
				TargetAttributes = {
					EF882E962B108E6400E957FD = {
						CreatedOnToolsVersion = 14.3.1;
					};
				};
			};
			buildConfigurationList = EF882E922B108E6400E957FD /* Build configuration list for PBXProject "Traker" */;
			compatibilityVersion = "Xcode 14.0";
			developmentRegion = en;
			hasScannedForEncodings = 0;
			knownRegions = (
				en,
				Base,
			);
			mainGroup = EF882E8E2B108E6400E957FD;
			packageReferences = (
			);
			productRefGroup = EF882E982B108E6400E957FD /* Products */;
			projectDirPath = "";
			projectRoot = "";
			targets = (
				EF882E962B108E6400E957FD /* Traker */,
			);
		};
/* End PBXProject section */

/* Begin PBXResourcesBuildPhase section */
		EF882E952B108E6400E957FD /* Resources */ = {
			isa = PBXResourcesBuildPhase;
			buildActionMask = 2147483647;
			files = (
				EF882EA72B108E6500E957FD /* LaunchScreen.storyboard in Resources */,
				EF882EA42B108E6500E957FD /* Assets.xcassets in Resources */,
			);
			runOnlyForDeploymentPostprocessing = 0;
		};
/* End PBXResourcesBuildPhase section */

/* Begin PBXSourcesBuildPhase section */
		EF882E932B108E6400E957FD /* Sources */ = {
			isa = PBXSourcesBuildPhase;
			buildActionMask = 2147483647;
			files = (
				EF8A761B2C50E718008FC17D /* CustomTextField.swift in Sources */,
				EF8A76002C50DE4B008FC17D /* WeekDay.swift in Sources */,
				EF882E9F2B108E6400E957FD /* TrackerViewController.swift in Sources */,
				EF882EB22B13A46700E957FD /* StatisticsViewController.swift in Sources */,
				EF8A766A2C5A2417008FC17D /* SplashViewController.swift in Sources */,
				EFB5C9532B18A36A00C6D900 /* TrackerCategory.swift in Sources */,
				EF882EB02B13881A00E957FD /* UIColors + Extantions.swift in Sources */,
				EF8A762F2C57932A008FC17D /* Errors.swift in Sources */,
				EF8A760C2C50E586008FC17D /* CategoriesViewController.swift in Sources */,
				EF8A76712C5A2479008FC17D /* SecondPageViewController.swift in Sources */,
				EF8A762D2C5792FE008FC17D /* ColorTransformer.swift in Sources */,
				EF8A76132C50E60D008FC17D /* EmojiCell.swift in Sources */,
				EF8A766C2C5A2430008FC17D /* FirstLaunchStorage.swift in Sources */,
				EFB5C8E82B15DD1A00C6D900 /* TabBarController.swift in Sources */,
				EF8A76022C50DE6B008FC17D /* Mocks.swift in Sources */,
				EF8A76042C50DE91008FC17D /* GeometricParams.swift in Sources */,
				EF8A76282C578EEE008FC17D /* TrackerRecordStore.swift in Sources */,
				EF8A76192C50E6F7008FC17D /* enumForSections.swift in Sources */,
				EF8A76112C50E5F4008FC17D /* TrackerCell.swift in Sources */,
				EF8A76672C5A2134008FC17D /* CategoryViewModel.swift in Sources */,
				EF8A760E2C50E5A7008FC17D /* NewCategoryViewController.swift in Sources */,
				EF8A76242C578EA7008FC17D /* TrackerStore.swift in Sources */,
				EFB5C9552B18A3AE00C6D900 /* TrackerRecord.swift in Sources */,
				EF8A75FA2C50DD54008FC17D /* Date + Extension.swift in Sources */,
				EF8A75FC2C50DDDC008FC17D /* UISearchBar + Extension.swift in Sources */,
				EF8A766F2C5A245A008FC17D /* FirstPageViewController.swift in Sources */,
				EF882E9B2B108E6400E957FD /* AppDelegate.swift in Sources */,
				EF8A76062C50DF13008FC17D /* HabitOrEventViewController.swift in Sources */,
				EF8A762B2C5792E6008FC17D /* DaysValueTransformer.swift in Sources */,
				EFB5C9512B18A29300C6D900 /* Tracker.swift in Sources */,
				EF8A760A2C50E56C008FC17D /* ScheduleViewController.swift in Sources */,
				EF8A76172C50E63F008FC17D /* SupplementaryView.swift in Sources */,
				EF8A75FE2C50DDF3008FC17D /* UIImage + Extension.swift in Sources */,
				EF8A76732C5A249B008FC17D /* OnboardingViewController.swift in Sources */,
				EF8A76262C578ECA008FC17D /* TrackerCategoryStore.swift in Sources */,
				EF8A75F82C50DD31008FC17D /* Int + Extension.swift in Sources */,
				EF8A76082C50E451008FC17D /* TrackerCreatingViewController.swift in Sources */,
				EF8A761D2C50E937008FC17D /* SceneDelegate.swift in Sources */,
				EF8A76152C50E623008FC17D /* ColorCell.swift in Sources */,
				EF8A76212C577C4D008FC17D /* TrackerModels.xcdatamodeld in Sources */,
				EF8A75F62C50DD11008FC17D /* UIViewController + Extension.swift in Sources */,
			);
			runOnlyForDeploymentPostprocessing = 0;
		};
/* End PBXSourcesBuildPhase section */

/* Begin PBXVariantGroup section */
		EF882EA52B108E6500E957FD /* LaunchScreen.storyboard */ = {
			isa = PBXVariantGroup;
			children = (
				EF882EA62B108E6500E957FD /* Base */,
			);
			name = LaunchScreen.storyboard;
			sourceTree = "<group>";
		};
/* End PBXVariantGroup section */

/* Begin XCBuildConfiguration section */
		EF882EA92B108E6500E957FD /* Debug */ = {
			isa = XCBuildConfiguration;
			buildSettings = {
				ALWAYS_SEARCH_USER_PATHS = NO;
				CLANG_ANALYZER_NONNULL = YES;
				CLANG_ANALYZER_NUMBER_OBJECT_CONVERSION = YES_AGGRESSIVE;
				CLANG_CXX_LANGUAGE_STANDARD = "gnu++20";
				CLANG_ENABLE_MODULES = YES;
				CLANG_ENABLE_OBJC_ARC = YES;
				CLANG_ENABLE_OBJC_WEAK = YES;
				CLANG_WARN_BLOCK_CAPTURE_AUTORELEASING = YES;
				CLANG_WARN_BOOL_CONVERSION = YES;
				CLANG_WARN_COMMA = YES;
				CLANG_WARN_CONSTANT_CONVERSION = YES;
				CLANG_WARN_DEPRECATED_OBJC_IMPLEMENTATIONS = YES;
				CLANG_WARN_DIRECT_OBJC_ISA_USAGE = YES_ERROR;
				CLANG_WARN_DOCUMENTATION_COMMENTS = YES;
				CLANG_WARN_EMPTY_BODY = YES;
				CLANG_WARN_ENUM_CONVERSION = YES;
				CLANG_WARN_INFINITE_RECURSION = YES;
				CLANG_WARN_INT_CONVERSION = YES;
				CLANG_WARN_NON_LITERAL_NULL_CONVERSION = YES;
				CLANG_WARN_OBJC_IMPLICIT_RETAIN_SELF = YES;
				CLANG_WARN_OBJC_LITERAL_CONVERSION = YES;
				CLANG_WARN_OBJC_ROOT_CLASS = YES_ERROR;
				CLANG_WARN_QUOTED_INCLUDE_IN_FRAMEWORK_HEADER = YES;
				CLANG_WARN_RANGE_LOOP_ANALYSIS = YES;
				CLANG_WARN_STRICT_PROTOTYPES = YES;
				CLANG_WARN_SUSPICIOUS_MOVE = YES;
				CLANG_WARN_UNGUARDED_AVAILABILITY = YES_AGGRESSIVE;
				CLANG_WARN_UNREACHABLE_CODE = YES;
				CLANG_WARN__DUPLICATE_METHOD_MATCH = YES;
				COPY_PHASE_STRIP = NO;
				DEBUG_INFORMATION_FORMAT = dwarf;
				ENABLE_STRICT_OBJC_MSGSEND = YES;
				ENABLE_TESTABILITY = YES;
				GCC_C_LANGUAGE_STANDARD = gnu11;
				GCC_DYNAMIC_NO_PIC = NO;
				GCC_NO_COMMON_BLOCKS = YES;
				GCC_OPTIMIZATION_LEVEL = 0;
				GCC_PREPROCESSOR_DEFINITIONS = (
					"DEBUG=1",
					"$(inherited)",
				);
				GCC_WARN_64_TO_32_BIT_CONVERSION = YES;
				GCC_WARN_ABOUT_RETURN_TYPE = YES_ERROR;
				GCC_WARN_UNDECLARED_SELECTOR = YES;
				GCC_WARN_UNINITIALIZED_AUTOS = YES_AGGRESSIVE;
				GCC_WARN_UNUSED_FUNCTION = YES;
				GCC_WARN_UNUSED_VARIABLE = YES;
				IPHONEOS_DEPLOYMENT_TARGET = 16.4;
				MTL_ENABLE_DEBUG_INFO = INCLUDE_SOURCE;
				MTL_FAST_MATH = YES;
				ONLY_ACTIVE_ARCH = YES;
				SDKROOT = iphoneos;
				SWIFT_ACTIVE_COMPILATION_CONDITIONS = DEBUG;
				SWIFT_OPTIMIZATION_LEVEL = "-Onone";
			};
			name = Debug;
		};
		EF882EAA2B108E6500E957FD /* Release */ = {
			isa = XCBuildConfiguration;
			buildSettings = {
				ALWAYS_SEARCH_USER_PATHS = NO;
				CLANG_ANALYZER_NONNULL = YES;
				CLANG_ANALYZER_NUMBER_OBJECT_CONVERSION = YES_AGGRESSIVE;
				CLANG_CXX_LANGUAGE_STANDARD = "gnu++20";
				CLANG_ENABLE_MODULES = YES;
				CLANG_ENABLE_OBJC_ARC = YES;
				CLANG_ENABLE_OBJC_WEAK = YES;
				CLANG_WARN_BLOCK_CAPTURE_AUTORELEASING = YES;
				CLANG_WARN_BOOL_CONVERSION = YES;
				CLANG_WARN_COMMA = YES;
				CLANG_WARN_CONSTANT_CONVERSION = YES;
				CLANG_WARN_DEPRECATED_OBJC_IMPLEMENTATIONS = YES;
				CLANG_WARN_DIRECT_OBJC_ISA_USAGE = YES_ERROR;
				CLANG_WARN_DOCUMENTATION_COMMENTS = YES;
				CLANG_WARN_EMPTY_BODY = YES;
				CLANG_WARN_ENUM_CONVERSION = YES;
				CLANG_WARN_INFINITE_RECURSION = YES;
				CLANG_WARN_INT_CONVERSION = YES;
				CLANG_WARN_NON_LITERAL_NULL_CONVERSION = YES;
				CLANG_WARN_OBJC_IMPLICIT_RETAIN_SELF = YES;
				CLANG_WARN_OBJC_LITERAL_CONVERSION = YES;
				CLANG_WARN_OBJC_ROOT_CLASS = YES_ERROR;
				CLANG_WARN_QUOTED_INCLUDE_IN_FRAMEWORK_HEADER = YES;
				CLANG_WARN_RANGE_LOOP_ANALYSIS = YES;
				CLANG_WARN_STRICT_PROTOTYPES = YES;
				CLANG_WARN_SUSPICIOUS_MOVE = YES;
				CLANG_WARN_UNGUARDED_AVAILABILITY = YES_AGGRESSIVE;
				CLANG_WARN_UNREACHABLE_CODE = YES;
				CLANG_WARN__DUPLICATE_METHOD_MATCH = YES;
				COPY_PHASE_STRIP = NO;
				DEBUG_INFORMATION_FORMAT = "dwarf-with-dsym";
				ENABLE_NS_ASSERTIONS = NO;
				ENABLE_STRICT_OBJC_MSGSEND = YES;
				GCC_C_LANGUAGE_STANDARD = gnu11;
				GCC_NO_COMMON_BLOCKS = YES;
				GCC_WARN_64_TO_32_BIT_CONVERSION = YES;
				GCC_WARN_ABOUT_RETURN_TYPE = YES_ERROR;
				GCC_WARN_UNDECLARED_SELECTOR = YES;
				GCC_WARN_UNINITIALIZED_AUTOS = YES_AGGRESSIVE;
				GCC_WARN_UNUSED_FUNCTION = YES;
				GCC_WARN_UNUSED_VARIABLE = YES;
				IPHONEOS_DEPLOYMENT_TARGET = 16.4;
				MTL_ENABLE_DEBUG_INFO = NO;
				MTL_FAST_MATH = YES;
				SDKROOT = iphoneos;
				SWIFT_COMPILATION_MODE = wholemodule;
				SWIFT_OPTIMIZATION_LEVEL = "-O";
				VALIDATE_PRODUCT = YES;
			};
			name = Release;
		};
		EF882EAC2B108E6500E957FD /* Debug */ = {
			isa = XCBuildConfiguration;
			buildSettings = {
				ASSETCATALOG_COMPILER_APPICON_NAME = AppIcon;
				ASSETCATALOG_COMPILER_GLOBAL_ACCENT_COLOR_NAME = AccentColor;
				CODE_SIGN_STYLE = Automatic;
				CURRENT_PROJECT_VERSION = 1;
				DEVELOPMENT_TEAM = 3QK6978YSZ;
				GENERATE_INFOPLIST_FILE = YES;
				INFOPLIST_FILE = Traker/Info.plist;
				INFOPLIST_KEY_LSApplicationCategoryType = "public.app-category.productivity";
				INFOPLIST_KEY_UIApplicationSupportsIndirectInputEvents = YES;
				INFOPLIST_KEY_UILaunchStoryboardName = LaunchScreen;
				INFOPLIST_KEY_UIStatusBarStyle = UIStatusBarStyleLightContent;
				INFOPLIST_KEY_UISupportedInterfaceOrientations_iPad = "UIInterfaceOrientationPortrait UIInterfaceOrientationPortraitUpsideDown UIInterfaceOrientationLandscapeLeft UIInterfaceOrientationLandscapeRight";
				INFOPLIST_KEY_UISupportedInterfaceOrientations_iPhone = UIInterfaceOrientationPortrait;
				IPHONEOS_DEPLOYMENT_TARGET = 13.4;
				LD_RUNPATH_SEARCH_PATHS = (
					"$(inherited)",
					"@executable_path/Frameworks",
				);
				MARKETING_VERSION = 1.0;
				PRODUCT_BUNDLE_IDENTIFIER = ru.yandex.practicum.Traker;
				PRODUCT_NAME = "$(TARGET_NAME)";
				SUPPORTED_PLATFORMS = "iphoneos iphonesimulator";
				SUPPORTS_MACCATALYST = NO;
				SUPPORTS_MAC_DESIGNED_FOR_IPHONE_IPAD = NO;
				SWIFT_EMIT_LOC_STRINGS = YES;
				SWIFT_VERSION = 5.0;
				TARGETED_DEVICE_FAMILY = 1;
			};
			name = Debug;
		};
		EF882EAD2B108E6500E957FD /* Release */ = {
			isa = XCBuildConfiguration;
			buildSettings = {
				ASSETCATALOG_COMPILER_APPICON_NAME = AppIcon;
				ASSETCATALOG_COMPILER_GLOBAL_ACCENT_COLOR_NAME = AccentColor;
				CODE_SIGN_STYLE = Automatic;
				CURRENT_PROJECT_VERSION = 1;
				DEVELOPMENT_TEAM = 3QK6978YSZ;
				GENERATE_INFOPLIST_FILE = YES;
				INFOPLIST_FILE = Traker/Info.plist;
				INFOPLIST_KEY_LSApplicationCategoryType = "public.app-category.productivity";
				INFOPLIST_KEY_UIApplicationSupportsIndirectInputEvents = YES;
				INFOPLIST_KEY_UILaunchStoryboardName = LaunchScreen;
				INFOPLIST_KEY_UIStatusBarStyle = UIStatusBarStyleLightContent;
				INFOPLIST_KEY_UISupportedInterfaceOrientations_iPad = "UIInterfaceOrientationPortrait UIInterfaceOrientationPortraitUpsideDown UIInterfaceOrientationLandscapeLeft UIInterfaceOrientationLandscapeRight";
				INFOPLIST_KEY_UISupportedInterfaceOrientations_iPhone = UIInterfaceOrientationPortrait;
				IPHONEOS_DEPLOYMENT_TARGET = 13.4;
				LD_RUNPATH_SEARCH_PATHS = (
					"$(inherited)",
					"@executable_path/Frameworks",
				);
				MARKETING_VERSION = 1.0;
				PRODUCT_BUNDLE_IDENTIFIER = ru.yandex.practicum.Traker;
				PRODUCT_NAME = "$(TARGET_NAME)";
				SUPPORTED_PLATFORMS = "iphoneos iphonesimulator";
				SUPPORTS_MACCATALYST = NO;
				SUPPORTS_MAC_DESIGNED_FOR_IPHONE_IPAD = NO;
				SWIFT_EMIT_LOC_STRINGS = YES;
				SWIFT_VERSION = 5.0;
				TARGETED_DEVICE_FAMILY = 1;
			};
			name = Release;
		};
/* End XCBuildConfiguration section */

/* Begin XCConfigurationList section */
		EF882E922B108E6400E957FD /* Build configuration list for PBXProject "Traker" */ = {
			isa = XCConfigurationList;
			buildConfigurations = (
				EF882EA92B108E6500E957FD /* Debug */,
				EF882EAA2B108E6500E957FD /* Release */,
			);
			defaultConfigurationIsVisible = 0;
			defaultConfigurationName = Release;
		};
		EF882EAB2B108E6500E957FD /* Build configuration list for PBXNativeTarget "Traker" */ = {
			isa = XCConfigurationList;
			buildConfigurations = (
				EF882EAC2B108E6500E957FD /* Debug */,
				EF882EAD2B108E6500E957FD /* Release */,
			);
			defaultConfigurationIsVisible = 0;
			defaultConfigurationName = Release;
		};
/* End XCConfigurationList section */

/* Begin XCVersionGroup section */
		EF8A761F2C577C4D008FC17D /* TrackerModels.xcdatamodeld */ = {
			isa = XCVersionGroup;
			children = (
				EF8A76202C577C4D008FC17D /* TrackerModels.xcdatamodel */,
			);
			currentVersion = EF8A76202C577C4D008FC17D /* TrackerModels.xcdatamodel */;
			path = TrackerModels.xcdatamodeld;
			sourceTree = "<group>";
			versionGroupType = wrapper.xcdatamodel;
		};
/* End XCVersionGroup section */
	};
	rootObject = EF882E8F2B108E6400E957FD /* Project object */;
}
