// !$*UTF8*$!
{
	archiveVersion = 1;
	classes = {
	};
	objectVersion = 56;
	objects = {

/* Begin PBXBuildFile section */
		32A313A533D1B8789351652D /* Pods_Traker_TrakerUITests.framework in Frameworks */ = {isa = PBXBuildFile; fileRef = 1DE4ACB26D7E495CBC1DD58D /* Pods_Traker_TrakerUITests.framework */; };
		7A64EDD5D8AB78A30725450A /* Pods_TrakerTests.framework in Frameworks */ = {isa = PBXBuildFile; fileRef = 78583E286136D860DBDC98CD /* Pods_TrakerTests.framework */; };
		D266D17FF9AF7DD542E238EA /* Pods_Traker.framework in Frameworks */ = {isa = PBXBuildFile; fileRef = EF0FCE292C5CB7760057F989 /* Pods_Traker.framework */; };
		EF0FCE3C2C5CBD040057F989 /* TrakerUITests.swift in Sources */ = {isa = PBXBuildFile; fileRef = EF0FCE3B2C5CBD040057F989 /* TrakerUITests.swift */; };
		EF0FCE3E2C5CBD040057F989 /* TrakerUITestsLaunchTests.swift in Sources */ = {isa = PBXBuildFile; fileRef = EF0FCE3D2C5CBD040057F989 /* TrakerUITestsLaunchTests.swift */; };
		EF0FCE4B2C5CBD130057F989 /* TrakerTests.swift in Sources */ = {isa = PBXBuildFile; fileRef = EF0FCE4A2C5CBD130057F989 /* TrakerTests.swift */; };
		EF0FCE522C5CBDEB0057F989 /* InlineSnapshotTesting in Frameworks */ = {isa = PBXBuildFile; productRef = EF0FCE512C5CBDEB0057F989 /* InlineSnapshotTesting */; };
		EF0FCE542C5CBDF00057F989 /* SnapshotTesting in Frameworks */ = {isa = PBXBuildFile; productRef = EF0FCE532C5CBDF00057F989 /* SnapshotTesting */; };
		EF0FCE562C5FE32E0057F989 /* SnapshotTesting in Frameworks */ = {isa = PBXBuildFile; productRef = EF0FCE552C5FE32E0057F989 /* SnapshotTesting */; };
		EF0FCE582C5FE3320057F989 /* InlineSnapshotTesting in Frameworks */ = {isa = PBXBuildFile; productRef = EF0FCE572C5FE3320057F989 /* InlineSnapshotTesting */; };
		EF0FCE612C60099A0057F989 /* Generated.swift in Sources */ = {isa = PBXBuildFile; fileRef = EF0FCE602C60099A0057F989 /* Generated.swift */; };
		EF0FCE6E2C600B340057F989 /* Localizable.strings in Resources */ = {isa = PBXBuildFile; fileRef = EF0FCE702C600B340057F989 /* Localizable.strings */; };
		EF0FCE742C600BC20057F989 /* InfoPlist.strings in Resources */ = {isa = PBXBuildFile; fileRef = EF0FCE762C600BC20057F989 /* InfoPlist.strings */; };
		EF0FCE7B2C600C470057F989 /* Localizable.stringsdict in Resources */ = {isa = PBXBuildFile; fileRef = EF0FCE7D2C600C470057F989 /* Localizable.stringsdict */; };
		EF0FCE812C600DCB0057F989 /* YandexMetrica.swift in Sources */ = {isa = PBXBuildFile; fileRef = EF0FCE802C600DCB0057F989 /* YandexMetrica.swift */; };
		EF0FCE832C600F290057F989 /* UIView + Extension.swift in Sources */ = {isa = PBXBuildFile; fileRef = EF0FCE822C600F290057F989 /* UIView + Extension.swift */; };
		EF0FCE862C600FF60057F989 /* StatisticsViewModel.swift in Sources */ = {isa = PBXBuildFile; fileRef = EF0FCE852C600FF60057F989 /* StatisticsViewModel.swift */; };
		EF0FCE892C60103B0057F989 /* AlertPresenter.swift in Sources */ = {isa = PBXBuildFile; fileRef = EF0FCE882C60103B0057F989 /* AlertPresenter.swift */; };
		EF0FCE8B2C60115B0057F989 /* AlertModel.swift in Sources */ = {isa = PBXBuildFile; fileRef = EF0FCE8A2C60115B0057F989 /* AlertModel.swift */; };
		EF0FCE8D2C601A870057F989 /* FiltersModel.swift in Sources */ = {isa = PBXBuildFile; fileRef = EF0FCE8C2C601A870057F989 /* FiltersModel.swift */; };
		EF0FCE8F2C601C7A0057F989 /* CategoryTableViewCell.swift in Sources */ = {isa = PBXBuildFile; fileRef = EF0FCE8E2C601C7A0057F989 /* CategoryTableViewCell.swift */; };
		EF0FCE922C601E490057F989 /* FiltersViewController.swift in Sources */ = {isa = PBXBuildFile; fileRef = EF0FCE912C601E490057F989 /* FiltersViewController.swift */; };
		EF0FCE942C601E5D0057F989 /* FiltersTableViewCell.swift in Sources */ = {isa = PBXBuildFile; fileRef = EF0FCE932C601E5D0057F989 /* FiltersTableViewCell.swift */; };
		EF0FCE962C601E720057F989 /* UserDefaults.swift in Sources */ = {isa = PBXBuildFile; fileRef = EF0FCE952C601E720057F989 /* UserDefaults.swift */; };
		EF41E2F82C602BA60067C20B /* AnalyticsModel.swift in Sources */ = {isa = PBXBuildFile; fileRef = EF41E2F72C602BA60067C20B /* AnalyticsModel.swift */; };
		EF882E9B2B108E6400E957FD /* AppDelegate.swift in Sources */ = {isa = PBXBuildFile; fileRef = EF882E9A2B108E6400E957FD /* AppDelegate.swift */; };
		EF882E9F2B108E6400E957FD /* TrackerViewController.swift in Sources */ = {isa = PBXBuildFile; fileRef = EF882E9E2B108E6400E957FD /* TrackerViewController.swift */; };
		EF882EA42B108E6500E957FD /* Assets.xcassets in Resources */ = {isa = PBXBuildFile; fileRef = EF882EA32B108E6500E957FD /* Assets.xcassets */; };
		EF882EA72B108E6500E957FD /* LaunchScreen.storyboard in Resources */ = {isa = PBXBuildFile; fileRef = EF882EA52B108E6500E957FD /* LaunchScreen.storyboard */; };
		EF882EB02B13881A00E957FD /* UIColors + Extantions.swift in Sources */ = {isa = PBXBuildFile; fileRef = EF882EAF2B13881A00E957FD /* UIColors + Extantions.swift */; };
		EF882EB22B13A46700E957FD /* StatisticsViewController.swift in Sources */ = {isa = PBXBuildFile; fileRef = EF882EB12B13A46700E957FD /* StatisticsViewController.swift */; };
		EF8A75F62C50DD11008FC17D /* UIViewController + Extension.swift in Sources */ = {isa = PBXBuildFile; fileRef = EF8A75F52C50DD11008FC17D /* UIViewController + Extension.swift */; };
		EF8A75F82C50DD31008FC17D /* Int + Extension.swift in Sources */ = {isa = PBXBuildFile; fileRef = EF8A75F72C50DD31008FC17D /* Int + Extension.swift */; };
		EF8A75FA2C50DD54008FC17D /* Date + Extension.swift in Sources */ = {isa = PBXBuildFile; fileRef = EF8A75F92C50DD54008FC17D /* Date + Extension.swift */; };
		EF8A75FC2C50DDDC008FC17D /* UISearchBar + Extension.swift in Sources */ = {isa = PBXBuildFile; fileRef = EF8A75FB2C50DDDC008FC17D /* UISearchBar + Extension.swift */; };
		EF8A75FE2C50DDF3008FC17D /* UIImage + Extension.swift in Sources */ = {isa = PBXBuildFile; fileRef = EF8A75FD2C50DDF3008FC17D /* UIImage + Extension.swift */; };
		EF8A76002C50DE4B008FC17D /* WeekDay.swift in Sources */ = {isa = PBXBuildFile; fileRef = EF8A75FF2C50DE4B008FC17D /* WeekDay.swift */; };
		EF8A76022C50DE6B008FC17D /* Mocks.swift in Sources */ = {isa = PBXBuildFile; fileRef = EF8A76012C50DE6B008FC17D /* Mocks.swift */; };
		EF8A76042C50DE91008FC17D /* GeometricParams.swift in Sources */ = {isa = PBXBuildFile; fileRef = EF8A76032C50DE91008FC17D /* GeometricParams.swift */; };
		EF8A76062C50DF13008FC17D /* HabitOrEventViewController.swift in Sources */ = {isa = PBXBuildFile; fileRef = EF8A76052C50DF13008FC17D /* HabitOrEventViewController.swift */; };
		EF8A76082C50E451008FC17D /* TrackerCreatingViewController.swift in Sources */ = {isa = PBXBuildFile; fileRef = EF8A76072C50E451008FC17D /* TrackerCreatingViewController.swift */; };
		EF8A760A2C50E56C008FC17D /* ScheduleViewController.swift in Sources */ = {isa = PBXBuildFile; fileRef = EF8A76092C50E56C008FC17D /* ScheduleViewController.swift */; };
		EF8A760C2C50E586008FC17D /* CategoriesViewController.swift in Sources */ = {isa = PBXBuildFile; fileRef = EF8A760B2C50E586008FC17D /* CategoriesViewController.swift */; };
		EF8A760E2C50E5A7008FC17D /* NewCategoryViewController.swift in Sources */ = {isa = PBXBuildFile; fileRef = EF8A760D2C50E5A7008FC17D /* NewCategoryViewController.swift */; };
		EF8A76112C50E5F4008FC17D /* TrackerCell.swift in Sources */ = {isa = PBXBuildFile; fileRef = EF8A76102C50E5F4008FC17D /* TrackerCell.swift */; };
		EF8A76132C50E60D008FC17D /* EmojiCell.swift in Sources */ = {isa = PBXBuildFile; fileRef = EF8A76122C50E60D008FC17D /* EmojiCell.swift */; };
		EF8A76152C50E623008FC17D /* ColorCell.swift in Sources */ = {isa = PBXBuildFile; fileRef = EF8A76142C50E623008FC17D /* ColorCell.swift */; };
		EF8A76172C50E63F008FC17D /* SupplementaryView.swift in Sources */ = {isa = PBXBuildFile; fileRef = EF8A76162C50E63F008FC17D /* SupplementaryView.swift */; };
		EF8A76192C50E6F7008FC17D /* enumForSections.swift in Sources */ = {isa = PBXBuildFile; fileRef = EF8A76182C50E6F7008FC17D /* enumForSections.swift */; };
		EF8A761B2C50E718008FC17D /* CustomTextField.swift in Sources */ = {isa = PBXBuildFile; fileRef = EF8A761A2C50E718008FC17D /* CustomTextField.swift */; };
		EF8A761D2C50E937008FC17D /* SceneDelegate.swift in Sources */ = {isa = PBXBuildFile; fileRef = EF8A761C2C50E937008FC17D /* SceneDelegate.swift */; };
		EF8A76212C577C4D008FC17D /* TrackerModels.xcdatamodeld in Sources */ = {isa = PBXBuildFile; fileRef = EF8A761F2C577C4D008FC17D /* TrackerModels.xcdatamodeld */; };
		EF8A76242C578EA7008FC17D /* TrackerStore.swift in Sources */ = {isa = PBXBuildFile; fileRef = EF8A76232C578EA7008FC17D /* TrackerStore.swift */; };
		EF8A76262C578ECA008FC17D /* TrackerCategoryStore.swift in Sources */ = {isa = PBXBuildFile; fileRef = EF8A76252C578ECA008FC17D /* TrackerCategoryStore.swift */; };
		EF8A76282C578EEE008FC17D /* TrackerRecordStore.swift in Sources */ = {isa = PBXBuildFile; fileRef = EF8A76272C578EEE008FC17D /* TrackerRecordStore.swift */; };
		EF8A762B2C5792E6008FC17D /* DaysValueTransformer.swift in Sources */ = {isa = PBXBuildFile; fileRef = EF8A762A2C5792E6008FC17D /* DaysValueTransformer.swift */; };
		EF8A762D2C5792FE008FC17D /* ColorTransformer.swift in Sources */ = {isa = PBXBuildFile; fileRef = EF8A762C2C5792FE008FC17D /* ColorTransformer.swift */; };
		EF8A762F2C57932A008FC17D /* Errors.swift in Sources */ = {isa = PBXBuildFile; fileRef = EF8A762E2C57932A008FC17D /* Errors.swift */; };
		EF8A76672C5A2134008FC17D /* CategoryViewModel.swift in Sources */ = {isa = PBXBuildFile; fileRef = EF8A76662C5A2134008FC17D /* CategoryViewModel.swift */; };
		EF8A766A2C5A2417008FC17D /* SplashViewController.swift in Sources */ = {isa = PBXBuildFile; fileRef = EF8A76692C5A2417008FC17D /* SplashViewController.swift */; };
		EF8A766C2C5A2430008FC17D /* FirstLaunchStorage.swift in Sources */ = {isa = PBXBuildFile; fileRef = EF8A766B2C5A2430008FC17D /* FirstLaunchStorage.swift */; };
		EF8A766F2C5A245A008FC17D /* FirstPageViewController.swift in Sources */ = {isa = PBXBuildFile; fileRef = EF8A766E2C5A245A008FC17D /* FirstPageViewController.swift */; };
		EF8A76712C5A2479008FC17D /* SecondPageViewController.swift in Sources */ = {isa = PBXBuildFile; fileRef = EF8A76702C5A2479008FC17D /* SecondPageViewController.swift */; };
		EF8A76732C5A249B008FC17D /* OnboardingViewController.swift in Sources */ = {isa = PBXBuildFile; fileRef = EF8A76722C5A249B008FC17D /* OnboardingViewController.swift */; };
		EFB5C8E82B15DD1A00C6D900 /* TabBarController.swift in Sources */ = {isa = PBXBuildFile; fileRef = EFB5C8E72B15DD1A00C6D900 /* TabBarController.swift */; };
		EFB5C9512B18A29300C6D900 /* Tracker.swift in Sources */ = {isa = PBXBuildFile; fileRef = EFB5C9502B18A29300C6D900 /* Tracker.swift */; };
		EFB5C9532B18A36A00C6D900 /* TrackerCategory.swift in Sources */ = {isa = PBXBuildFile; fileRef = EFB5C9522B18A36900C6D900 /* TrackerCategory.swift */; };
		EFB5C9552B18A3AE00C6D900 /* TrackerRecord.swift in Sources */ = {isa = PBXBuildFile; fileRef = EFB5C9542B18A3AE00C6D900 /* TrackerRecord.swift */; };
/* End PBXBuildFile section */

/* Begin PBXContainerItemProxy section */
		EF0FCE3F2C5CBD040057F989 /* PBXContainerItemProxy */ = {
			isa = PBXContainerItemProxy;
			containerPortal = EF882E8F2B108E6400E957FD /* Project object */;
			proxyType = 1;
			remoteGlobalIDString = EF882E962B108E6400E957FD;
			remoteInfo = Traker;
		};
		EF0FCE4C2C5CBD130057F989 /* PBXContainerItemProxy */ = {
			isa = PBXContainerItemProxy;
			containerPortal = EF882E8F2B108E6400E957FD /* Project object */;
			proxyType = 1;
			remoteGlobalIDString = EF882E962B108E6400E957FD;
			remoteInfo = Traker;
		};
/* End PBXContainerItemProxy section */

/* Begin PBXFileReference section */
		0A9803A4E104C2886D497A18 /* Pods-Traker.debug.xcconfig */ = {isa = PBXFileReference; includeInIndex = 1; lastKnownFileType = text.xcconfig; name = "Pods-Traker.debug.xcconfig"; path = "Target Support Files/Pods-Traker/Pods-Traker.debug.xcconfig"; sourceTree = "<group>"; };
		1DE4ACB26D7E495CBC1DD58D /* Pods_Traker_TrakerUITests.framework */ = {isa = PBXFileReference; explicitFileType = wrapper.framework; includeInIndex = 0; path = Pods_Traker_TrakerUITests.framework; sourceTree = BUILT_PRODUCTS_DIR; };
		2CD78D38C436D7B09557FA23 /* Pods-Traker-TrakerUITests.release.xcconfig */ = {isa = PBXFileReference; includeInIndex = 1; lastKnownFileType = text.xcconfig; name = "Pods-Traker-TrakerUITests.release.xcconfig"; path = "Target Support Files/Pods-Traker-TrakerUITests/Pods-Traker-TrakerUITests.release.xcconfig"; sourceTree = "<group>"; };
		43C713E2B189A8EC9F791355 /* Pods-TrakerTests.debug.xcconfig */ = {isa = PBXFileReference; includeInIndex = 1; lastKnownFileType = text.xcconfig; name = "Pods-TrakerTests.debug.xcconfig"; path = "Target Support Files/Pods-TrakerTests/Pods-TrakerTests.debug.xcconfig"; sourceTree = "<group>"; };
		5BCFCAB516AAB3490B7A353F /* Pods-TrakerTests.release.xcconfig */ = {isa = PBXFileReference; includeInIndex = 1; lastKnownFileType = text.xcconfig; name = "Pods-TrakerTests.release.xcconfig"; path = "Target Support Files/Pods-TrakerTests/Pods-TrakerTests.release.xcconfig"; sourceTree = "<group>"; };
		7058CB5A06C52C919EB80166 /* Pods-Traker-TrakerUITests.debug.xcconfig */ = {isa = PBXFileReference; includeInIndex = 1; lastKnownFileType = text.xcconfig; name = "Pods-Traker-TrakerUITests.debug.xcconfig"; path = "Target Support Files/Pods-Traker-TrakerUITests/Pods-Traker-TrakerUITests.debug.xcconfig"; sourceTree = "<group>"; };
		78583E286136D860DBDC98CD /* Pods_TrakerTests.framework */ = {isa = PBXFileReference; explicitFileType = wrapper.framework; includeInIndex = 0; path = Pods_TrakerTests.framework; sourceTree = BUILT_PRODUCTS_DIR; };
		9C4A0626B41FC590A58B569F /* Pods-Traker.release.xcconfig */ = {isa = PBXFileReference; includeInIndex = 1; lastKnownFileType = text.xcconfig; name = "Pods-Traker.release.xcconfig"; path = "Target Support Files/Pods-Traker/Pods-Traker.release.xcconfig"; sourceTree = "<group>"; };
		EF0FCE292C5CB7760057F989 /* Pods_Traker.framework */ = {isa = PBXFileReference; explicitFileType = wrapper.framework; path = Pods_Traker.framework; sourceTree = BUILT_PRODUCTS_DIR; };
		EF0FCE392C5CBD040057F989 /* TrakerUITests.xctest */ = {isa = PBXFileReference; explicitFileType = wrapper.cfbundle; includeInIndex = 0; path = TrakerUITests.xctest; sourceTree = BUILT_PRODUCTS_DIR; };
		EF0FCE3B2C5CBD040057F989 /* TrakerUITests.swift */ = {isa = PBXFileReference; lastKnownFileType = sourcecode.swift; path = TrakerUITests.swift; sourceTree = "<group>"; };
		EF0FCE3D2C5CBD040057F989 /* TrakerUITestsLaunchTests.swift */ = {isa = PBXFileReference; lastKnownFileType = sourcecode.swift; path = TrakerUITestsLaunchTests.swift; sourceTree = "<group>"; };
		EF0FCE482C5CBD130057F989 /* TrakerTests.xctest */ = {isa = PBXFileReference; explicitFileType = wrapper.cfbundle; includeInIndex = 0; path = TrakerTests.xctest; sourceTree = BUILT_PRODUCTS_DIR; };
		EF0FCE4A2C5CBD130057F989 /* TrakerTests.swift */ = {isa = PBXFileReference; lastKnownFileType = sourcecode.swift; path = TrakerTests.swift; sourceTree = "<group>"; };
		EF0FCE602C60099A0057F989 /* Generated.swift */ = {isa = PBXFileReference; lastKnownFileType = sourcecode.swift; path = Generated.swift; sourceTree = "<group>"; };
		EF0FCE6D2C600B2B0057F989 /* ru */ = {isa = PBXFileReference; lastKnownFileType = text.plist.strings; name = ru; path = ru.lproj/LaunchScreen.strings; sourceTree = "<group>"; };
		EF0FCE6F2C600B340057F989 /* ru */ = {isa = PBXFileReference; lastKnownFileType = text.plist.strings; name = ru; path = ru.lproj/Localizable.strings; sourceTree = "<group>"; };
		EF0FCE712C600B390057F989 /* en */ = {isa = PBXFileReference; lastKnownFileType = text.plist.strings; name = en; path = en.lproj/Localizable.strings; sourceTree = "<group>"; };
		EF0FCE752C600BC20057F989 /* en */ = {isa = PBXFileReference; lastKnownFileType = text.plist.strings; name = en; path = en.lproj/InfoPlist.strings; sourceTree = "<group>"; };
		EF0FCE772C600BC50057F989 /* ru */ = {isa = PBXFileReference; lastKnownFileType = text.plist.strings; name = ru; path = ru.lproj/InfoPlist.strings; sourceTree = "<group>"; };
		EF0FCE7C2C600C470057F989 /* en */ = {isa = PBXFileReference; lastKnownFileType = text.plist.stringsdict; name = en; path = en.lproj/Localizable.stringsdict; sourceTree = "<group>"; };
		EF0FCE7E2C600C4C0057F989 /* ru */ = {isa = PBXFileReference; lastKnownFileType = text.plist.stringsdict; name = ru; path = ru.lproj/Localizable.stringsdict; sourceTree = "<group>"; };
		EF0FCE802C600DCB0057F989 /* YandexMetrica.swift */ = {isa = PBXFileReference; lastKnownFileType = sourcecode.swift; path = YandexMetrica.swift; sourceTree = "<group>"; };
		EF0FCE822C600F290057F989 /* UIView + Extension.swift */ = {isa = PBXFileReference; lastKnownFileType = sourcecode.swift; path = "UIView + Extension.swift"; sourceTree = "<group>"; };
		EF0FCE852C600FF60057F989 /* StatisticsViewModel.swift */ = {isa = PBXFileReference; lastKnownFileType = sourcecode.swift; path = StatisticsViewModel.swift; sourceTree = "<group>"; };
		EF0FCE882C60103B0057F989 /* AlertPresenter.swift */ = {isa = PBXFileReference; lastKnownFileType = sourcecode.swift; path = AlertPresenter.swift; sourceTree = "<group>"; };
		EF0FCE8A2C60115B0057F989 /* AlertModel.swift */ = {isa = PBXFileReference; lastKnownFileType = sourcecode.swift; path = AlertModel.swift; sourceTree = "<group>"; };
		EF0FCE8C2C601A870057F989 /* FiltersModel.swift */ = {isa = PBXFileReference; lastKnownFileType = sourcecode.swift; path = FiltersModel.swift; sourceTree = "<group>"; };
		EF0FCE8E2C601C7A0057F989 /* CategoryTableViewCell.swift */ = {isa = PBXFileReference; lastKnownFileType = sourcecode.swift; path = CategoryTableViewCell.swift; sourceTree = "<group>"; };
		EF0FCE912C601E490057F989 /* FiltersViewController.swift */ = {isa = PBXFileReference; lastKnownFileType = sourcecode.swift; path = FiltersViewController.swift; sourceTree = "<group>"; };
		EF0FCE932C601E5D0057F989 /* FiltersTableViewCell.swift */ = {isa = PBXFileReference; lastKnownFileType = sourcecode.swift; path = FiltersTableViewCell.swift; sourceTree = "<group>"; };
		EF0FCE952C601E720057F989 /* UserDefaults.swift */ = {isa = PBXFileReference; lastKnownFileType = sourcecode.swift; path = UserDefaults.swift; sourceTree = "<group>"; };
		EF41E2F72C602BA60067C20B /* AnalyticsModel.swift */ = {isa = PBXFileReference; lastKnownFileType = sourcecode.swift; path = AnalyticsModel.swift; sourceTree = "<group>"; };
		EF882E972B108E6400E957FD /* Traker.app */ = {isa = PBXFileReference; explicitFileType = wrapper.application; includeInIndex = 0; path = Traker.app; sourceTree = BUILT_PRODUCTS_DIR; };
		EF882E9A2B108E6400E957FD /* AppDelegate.swift */ = {isa = PBXFileReference; lastKnownFileType = sourcecode.swift; path = AppDelegate.swift; sourceTree = "<group>"; };
		EF882E9E2B108E6400E957FD /* TrackerViewController.swift */ = {isa = PBXFileReference; lastKnownFileType = sourcecode.swift; path = TrackerViewController.swift; sourceTree = "<group>"; };
		EF882EA32B108E6500E957FD /* Assets.xcassets */ = {isa = PBXFileReference; lastKnownFileType = folder.assetcatalog; path = Assets.xcassets; sourceTree = "<group>"; };
		EF882EA62B108E6500E957FD /* Base */ = {isa = PBXFileReference; lastKnownFileType = file.storyboard; name = Base; path = Base.lproj/LaunchScreen.storyboard; sourceTree = "<group>"; };
		EF882EA82B108E6500E957FD /* Info.plist */ = {isa = PBXFileReference; lastKnownFileType = text.plist.xml; path = Info.plist; sourceTree = "<group>"; };
		EF882EAF2B13881A00E957FD /* UIColors + Extantions.swift */ = {isa = PBXFileReference; lastKnownFileType = sourcecode.swift; path = "UIColors + Extantions.swift"; sourceTree = "<group>"; };
		EF882EB12B13A46700E957FD /* StatisticsViewController.swift */ = {isa = PBXFileReference; lastKnownFileType = sourcecode.swift; path = StatisticsViewController.swift; sourceTree = "<group>"; };
		EF8A75F52C50DD11008FC17D /* UIViewController + Extension.swift */ = {isa = PBXFileReference; lastKnownFileType = sourcecode.swift; path = "UIViewController + Extension.swift"; sourceTree = "<group>"; };
		EF8A75F72C50DD31008FC17D /* Int + Extension.swift */ = {isa = PBXFileReference; lastKnownFileType = sourcecode.swift; path = "Int + Extension.swift"; sourceTree = "<group>"; };
		EF8A75F92C50DD54008FC17D /* Date + Extension.swift */ = {isa = PBXFileReference; lastKnownFileType = sourcecode.swift; path = "Date + Extension.swift"; sourceTree = "<group>"; };
		EF8A75FB2C50DDDC008FC17D /* UISearchBar + Extension.swift */ = {isa = PBXFileReference; lastKnownFileType = sourcecode.swift; path = "UISearchBar + Extension.swift"; sourceTree = "<group>"; };
		EF8A75FD2C50DDF3008FC17D /* UIImage + Extension.swift */ = {isa = PBXFileReference; lastKnownFileType = sourcecode.swift; path = "UIImage + Extension.swift"; sourceTree = "<group>"; };
		EF8A75FF2C50DE4B008FC17D /* WeekDay.swift */ = {isa = PBXFileReference; lastKnownFileType = sourcecode.swift; path = WeekDay.swift; sourceTree = "<group>"; };
		EF8A76012C50DE6B008FC17D /* Mocks.swift */ = {isa = PBXFileReference; lastKnownFileType = sourcecode.swift; path = Mocks.swift; sourceTree = "<group>"; };
		EF8A76032C50DE91008FC17D /* GeometricParams.swift */ = {isa = PBXFileReference; lastKnownFileType = sourcecode.swift; path = GeometricParams.swift; sourceTree = "<group>"; };
		EF8A76052C50DF13008FC17D /* HabitOrEventViewController.swift */ = {isa = PBXFileReference; lastKnownFileType = sourcecode.swift; path = HabitOrEventViewController.swift; sourceTree = "<group>"; };
		EF8A76072C50E451008FC17D /* TrackerCreatingViewController.swift */ = {isa = PBXFileReference; lastKnownFileType = sourcecode.swift; path = TrackerCreatingViewController.swift; sourceTree = "<group>"; };
		EF8A76092C50E56C008FC17D /* ScheduleViewController.swift */ = {isa = PBXFileReference; lastKnownFileType = sourcecode.swift; path = ScheduleViewController.swift; sourceTree = "<group>"; };
		EF8A760B2C50E586008FC17D /* CategoriesViewController.swift */ = {isa = PBXFileReference; lastKnownFileType = sourcecode.swift; path = CategoriesViewController.swift; sourceTree = "<group>"; };
		EF8A760D2C50E5A7008FC17D /* NewCategoryViewController.swift */ = {isa = PBXFileReference; lastKnownFileType = sourcecode.swift; path = NewCategoryViewController.swift; sourceTree = "<group>"; };
		EF8A76102C50E5F4008FC17D /* TrackerCell.swift */ = {isa = PBXFileReference; lastKnownFileType = sourcecode.swift; path = TrackerCell.swift; sourceTree = "<group>"; };
		EF8A76122C50E60D008FC17D /* EmojiCell.swift */ = {isa = PBXFileReference; lastKnownFileType = sourcecode.swift; path = EmojiCell.swift; sourceTree = "<group>"; };
		EF8A76142C50E623008FC17D /* ColorCell.swift */ = {isa = PBXFileReference; lastKnownFileType = sourcecode.swift; path = ColorCell.swift; sourceTree = "<group>"; };
		EF8A76162C50E63F008FC17D /* SupplementaryView.swift */ = {isa = PBXFileReference; lastKnownFileType = sourcecode.swift; path = SupplementaryView.swift; sourceTree = "<group>"; };
		EF8A76182C50E6F7008FC17D /* enumForSections.swift */ = {isa = PBXFileReference; lastKnownFileType = sourcecode.swift; path = enumForSections.swift; sourceTree = "<group>"; };
		EF8A761A2C50E718008FC17D /* CustomTextField.swift */ = {isa = PBXFileReference; lastKnownFileType = sourcecode.swift; path = CustomTextField.swift; sourceTree = "<group>"; };
		EF8A761C2C50E937008FC17D /* SceneDelegate.swift */ = {isa = PBXFileReference; lastKnownFileType = sourcecode.swift; path = SceneDelegate.swift; sourceTree = "<group>"; };
		EF8A76202C577C4D008FC17D /* TrackerModels.xcdatamodel */ = {isa = PBXFileReference; lastKnownFileType = wrapper.xcdatamodel; path = TrackerModels.xcdatamodel; sourceTree = "<group>"; };
		EF8A76232C578EA7008FC17D /* TrackerStore.swift */ = {isa = PBXFileReference; lastKnownFileType = sourcecode.swift; path = TrackerStore.swift; sourceTree = "<group>"; };
		EF8A76252C578ECA008FC17D /* TrackerCategoryStore.swift */ = {isa = PBXFileReference; lastKnownFileType = sourcecode.swift; path = TrackerCategoryStore.swift; sourceTree = "<group>"; };
		EF8A76272C578EEE008FC17D /* TrackerRecordStore.swift */ = {isa = PBXFileReference; lastKnownFileType = sourcecode.swift; path = TrackerRecordStore.swift; sourceTree = "<group>"; };
		EF8A762A2C5792E6008FC17D /* DaysValueTransformer.swift */ = {isa = PBXFileReference; lastKnownFileType = sourcecode.swift; path = DaysValueTransformer.swift; sourceTree = "<group>"; };
		EF8A762C2C5792FE008FC17D /* ColorTransformer.swift */ = {isa = PBXFileReference; lastKnownFileType = sourcecode.swift; path = ColorTransformer.swift; sourceTree = "<group>"; };
		EF8A762E2C57932A008FC17D /* Errors.swift */ = {isa = PBXFileReference; lastKnownFileType = sourcecode.swift; path = Errors.swift; sourceTree = "<group>"; };
		EF8A76662C5A2134008FC17D /* CategoryViewModel.swift */ = {isa = PBXFileReference; lastKnownFileType = sourcecode.swift; path = CategoryViewModel.swift; sourceTree = "<group>"; };
		EF8A76692C5A2417008FC17D /* SplashViewController.swift */ = {isa = PBXFileReference; lastKnownFileType = sourcecode.swift; path = SplashViewController.swift; sourceTree = "<group>"; };
		EF8A766B2C5A2430008FC17D /* FirstLaunchStorage.swift */ = {isa = PBXFileReference; lastKnownFileType = sourcecode.swift; path = FirstLaunchStorage.swift; sourceTree = "<group>"; };
		EF8A766E2C5A245A008FC17D /* FirstPageViewController.swift */ = {isa = PBXFileReference; lastKnownFileType = sourcecode.swift; path = FirstPageViewController.swift; sourceTree = "<group>"; };
		EF8A76702C5A2479008FC17D /* SecondPageViewController.swift */ = {isa = PBXFileReference; lastKnownFileType = sourcecode.swift; path = SecondPageViewController.swift; sourceTree = "<group>"; };
		EF8A76722C5A249B008FC17D /* OnboardingViewController.swift */ = {isa = PBXFileReference; lastKnownFileType = sourcecode.swift; path = OnboardingViewController.swift; sourceTree = "<group>"; };
		EFB5C8E72B15DD1A00C6D900 /* TabBarController.swift */ = {isa = PBXFileReference; lastKnownFileType = sourcecode.swift; path = TabBarController.swift; sourceTree = "<group>"; };
		EFB5C9502B18A29300C6D900 /* Tracker.swift */ = {isa = PBXFileReference; lastKnownFileType = sourcecode.swift; path = Tracker.swift; sourceTree = "<group>"; };
		EFB5C9522B18A36900C6D900 /* TrackerCategory.swift */ = {isa = PBXFileReference; lastKnownFileType = sourcecode.swift; path = TrackerCategory.swift; sourceTree = "<group>"; };
		EFB5C9542B18A3AE00C6D900 /* TrackerRecord.swift */ = {isa = PBXFileReference; lastKnownFileType = sourcecode.swift; path = TrackerRecord.swift; sourceTree = "<group>"; };
/* End PBXFileReference section */

/* Begin PBXFrameworksBuildPhase section */
		EF0FCE362C5CBD040057F989 /* Frameworks */ = {
			isa = PBXFrameworksBuildPhase;
			buildActionMask = 2147483647;
			files = (
				EF0FCE522C5CBDEB0057F989 /* InlineSnapshotTesting in Frameworks */,
				EF0FCE542C5CBDF00057F989 /* SnapshotTesting in Frameworks */,
				32A313A533D1B8789351652D /* Pods_Traker_TrakerUITests.framework in Frameworks */,
			);
			runOnlyForDeploymentPostprocessing = 0;
		};
		EF0FCE452C5CBD130057F989 /* Frameworks */ = {
			isa = PBXFrameworksBuildPhase;
			buildActionMask = 2147483647;
			files = (
				EF0FCE582C5FE3320057F989 /* InlineSnapshotTesting in Frameworks */,
				EF0FCE562C5FE32E0057F989 /* SnapshotTesting in Frameworks */,
				7A64EDD5D8AB78A30725450A /* Pods_TrakerTests.framework in Frameworks */,
			);
			runOnlyForDeploymentPostprocessing = 0;
		};
		EF882E942B108E6400E957FD /* Frameworks */ = {
			isa = PBXFrameworksBuildPhase;
			buildActionMask = 2147483647;
			files = (
				D266D17FF9AF7DD542E238EA /* Pods_Traker.framework in Frameworks */,
			);
			runOnlyForDeploymentPostprocessing = 0;
		};
/* End PBXFrameworksBuildPhase section */

/* Begin PBXGroup section */
		640A35A822024ABB58737FFA /* Pods */ = {
			isa = PBXGroup;
			children = (
				0A9803A4E104C2886D497A18 /* Pods-Traker.debug.xcconfig */,
				9C4A0626B41FC590A58B569F /* Pods-Traker.release.xcconfig */,
				7058CB5A06C52C919EB80166 /* Pods-Traker-TrakerUITests.debug.xcconfig */,
				2CD78D38C436D7B09557FA23 /* Pods-Traker-TrakerUITests.release.xcconfig */,
				43C713E2B189A8EC9F791355 /* Pods-TrakerTests.debug.xcconfig */,
				5BCFCAB516AAB3490B7A353F /* Pods-TrakerTests.release.xcconfig */,
			);
			path = Pods;
			sourceTree = "<group>";
		};
		BD39B2C492FB99962BC47731 /* Frameworks */ = {
			isa = PBXGroup;
			children = (
				EF0FCE292C5CB7760057F989 /* Pods_Traker.framework */,
				1DE4ACB26D7E495CBC1DD58D /* Pods_Traker_TrakerUITests.framework */,
				78583E286136D860DBDC98CD /* Pods_TrakerTests.framework */,
			);
			name = Frameworks;
			sourceTree = "<group>";
		};
		EF0FCE3A2C5CBD040057F989 /* TrakerUITests */ = {
			isa = PBXGroup;
			children = (
				EF0FCE3B2C5CBD040057F989 /* TrakerUITests.swift */,
				EF0FCE3D2C5CBD040057F989 /* TrakerUITestsLaunchTests.swift */,
			);
			path = TrakerUITests;
			sourceTree = "<group>";
		};
		EF0FCE492C5CBD130057F989 /* TrakerTests */ = {
			isa = PBXGroup;
			children = (
				EF0FCE4A2C5CBD130057F989 /* TrakerTests.swift */,
			);
			path = TrakerTests;
			sourceTree = "<group>";
		};
		EF0FCE5A2C6007C80057F989 /* Resources */ = {
			isa = PBXGroup;
			children = (
				EF0FCE5C2C6007EA0057F989 /* Generated */,
				EF0FCE5B2C6007E40057F989 /* Localization */,
			);
			path = Resources;
			sourceTree = "<group>";
		};
		EF0FCE5B2C6007E40057F989 /* Localization */ = {
			isa = PBXGroup;
			children = (
				EF0FCE782C600C2A0057F989 /* Dict */,
				EF0FCE622C600A4E0057F989 /* String */,
			);
			path = Localization;
			sourceTree = "<group>";
		};
		EF0FCE5C2C6007EA0057F989 /* Generated */ = {
			isa = PBXGroup;
			children = (
				EF0FCE602C60099A0057F989 /* Generated.swift */,
			);
			path = Generated;
			sourceTree = "<group>";
		};
		EF0FCE622C600A4E0057F989 /* String */ = {
			isa = PBXGroup;
			children = (
				EF0FCE702C600B340057F989 /* Localizable.strings */,
				EF0FCE762C600BC20057F989 /* InfoPlist.strings */,
			);
			path = String;
			sourceTree = "<group>";
		};
		EF0FCE782C600C2A0057F989 /* Dict */ = {
			isa = PBXGroup;
			children = (
				EF0FCE7D2C600C470057F989 /* Localizable.stringsdict */,
			);
			path = Dict;
			sourceTree = "<group>";
		};
		EF0FCE7F2C600DB10057F989 /* Service */ = {
			isa = PBXGroup;
			children = (
				EF0FCE802C600DCB0057F989 /* YandexMetrica.swift */,
			);
			path = Service;
			sourceTree = "<group>";
		};
		EF0FCE842C600FD40057F989 /* Statistics */ = {
			isa = PBXGroup;
			children = (
				EF882EB12B13A46700E957FD /* StatisticsViewController.swift */,
				EF0FCE852C600FF60057F989 /* StatisticsViewModel.swift */,
			);
			path = Statistics;
			sourceTree = "<group>";
		};
		EF0FCE872C6010240057F989 /* AlertPresenter */ = {
			isa = PBXGroup;
			children = (
				EF0FCE882C60103B0057F989 /* AlertPresenter.swift */,
			);
			path = AlertPresenter;
			sourceTree = "<group>";
		};
		EF0FCE902C601E330057F989 /* Filters */ = {
			isa = PBXGroup;
			children = (
				EF0FCE912C601E490057F989 /* FiltersViewController.swift */,
				EF0FCE932C601E5D0057F989 /* FiltersTableViewCell.swift */,
				EF0FCE952C601E720057F989 /* UserDefaults.swift */,
			);
			path = Filters;
			sourceTree = "<group>";
		};
		EF882E8E2B108E6400E957FD = {
			isa = PBXGroup;
			children = (
				EF0FCE872C6010240057F989 /* AlertPresenter */,
				EF0FCE7F2C600DB10057F989 /* Service */,
				EF0FCE5A2C6007C80057F989 /* Resources */,
				EF882E992B108E6400E957FD /* Traker */,
				EF0FCE3A2C5CBD040057F989 /* TrakerUITests */,
				EF0FCE492C5CBD130057F989 /* TrakerTests */,
				EF882E982B108E6400E957FD /* Products */,
				640A35A822024ABB58737FFA /* Pods */,
				BD39B2C492FB99962BC47731 /* Frameworks */,
			);
			sourceTree = "<group>";
		};
		EF882E982B108E6400E957FD /* Products */ = {
			isa = PBXGroup;
			children = (
				EF882E972B108E6400E957FD /* Traker.app */,
				EF0FCE392C5CBD040057F989 /* TrakerUITests.xctest */,
				EF0FCE482C5CBD130057F989 /* TrakerTests.xctest */,
			);
			name = Products;
			sourceTree = "<group>";
		};
		EF882E992B108E6400E957FD /* Traker */ = {
			isa = PBXGroup;
			children = (
				EF0FCE902C601E330057F989 /* Filters */,
				EF0FCE842C600FD40057F989 /* Statistics */,
				EF8A76642C5A1674008FC17D /* Onboarding */,
				EF8A75F42C50D4B2008FC17D /* Setings */,
				EFB5C8EA2B15E3DE00C6D900 /* AddingHabits */,
				EFB5C8E92B15DD5B00C6D900 /* TabBarController */,
				EF8A761E2C577BFC008FC17D /* CoreData */,
				EFB5C94F2B18A25800C6D900 /* Models */,
				EF882EAE2B13880500E957FD /* Helps */,
				EF882EA32B108E6500E957FD /* Assets.xcassets */,
				EF882EA52B108E6500E957FD /* LaunchScreen.storyboard */,
				EF882EA82B108E6500E957FD /* Info.plist */,
				EF8A761A2C50E718008FC17D /* CustomTextField.swift */,
			);
			path = Traker;
			sourceTree = "<group>";
		};
		EF882EAE2B13880500E957FD /* Helps */ = {
			isa = PBXGroup;
			children = (
				EF882EAF2B13881A00E957FD /* UIColors + Extantions.swift */,
				EF8A75F52C50DD11008FC17D /* UIViewController + Extension.swift */,
				EF8A75F72C50DD31008FC17D /* Int + Extension.swift */,
				EF8A75F92C50DD54008FC17D /* Date + Extension.swift */,
				EF8A75FB2C50DDDC008FC17D /* UISearchBar + Extension.swift */,
				EF8A75FD2C50DDF3008FC17D /* UIImage + Extension.swift */,
				EF0FCE822C600F290057F989 /* UIView + Extension.swift */,
			);
			path = Helps;
			sourceTree = "<group>";
		};
		EF8A75F42C50D4B2008FC17D /* Setings */ = {
			isa = PBXGroup;
			children = (
				EF882E9A2B108E6400E957FD /* AppDelegate.swift */,
				EF8A761C2C50E937008FC17D /* SceneDelegate.swift */,
			);
			path = Setings;
			sourceTree = "<group>";
		};
		EF8A760F2C50E5D7008FC17D /* CollectionView */ = {
			isa = PBXGroup;
			children = (
				EF8A76102C50E5F4008FC17D /* TrackerCell.swift */,
				EF8A76122C50E60D008FC17D /* EmojiCell.swift */,
				EF8A76142C50E623008FC17D /* ColorCell.swift */,
				EF8A76162C50E63F008FC17D /* SupplementaryView.swift */,
				EF8A76182C50E6F7008FC17D /* enumForSections.swift */,
			);
			path = CollectionView;
			sourceTree = "<group>";
		};
		EF8A761E2C577BFC008FC17D /* CoreData */ = {
			isa = PBXGroup;
			children = (
				EF8A76292C5792D5008FC17D /* Transformable */,
				EF8A76222C578E92008FC17D /* Stores */,
				EF8A761F2C577C4D008FC17D /* TrackerModels.xcdatamodeld */,
				EF8A762E2C57932A008FC17D /* Errors.swift */,
			);
			path = CoreData;
			sourceTree = "<group>";
		};
		EF8A76222C578E92008FC17D /* Stores */ = {
			isa = PBXGroup;
			children = (
				EF8A76232C578EA7008FC17D /* TrackerStore.swift */,
				EF8A76252C578ECA008FC17D /* TrackerCategoryStore.swift */,
				EF8A76272C578EEE008FC17D /* TrackerRecordStore.swift */,
			);
			path = Stores;
			sourceTree = "<group>";
		};
		EF8A76292C5792D5008FC17D /* Transformable */ = {
			isa = PBXGroup;
			children = (
				EF8A762A2C5792E6008FC17D /* DaysValueTransformer.swift */,
				EF8A762C2C5792FE008FC17D /* ColorTransformer.swift */,
			);
			path = Transformable;
			sourceTree = "<group>";
		};
		EF8A76642C5A1674008FC17D /* Onboarding */ = {
			isa = PBXGroup;
			children = (
				EF8A766D2C5A2449008FC17D /* Pages */,
				EF8A76682C5A2405008FC17D /* SpashViewController */,
				EF8A76722C5A249B008FC17D /* OnboardingViewController.swift */,
			);
			path = Onboarding;
			sourceTree = "<group>";
		};
		EF8A76652C5A1FED008FC17D /* Category */ = {
			isa = PBXGroup;
			children = (
				EF8A760B2C50E586008FC17D /* CategoriesViewController.swift */,
				EF8A76662C5A2134008FC17D /* CategoryViewModel.swift */,
				EF8A760D2C50E5A7008FC17D /* NewCategoryViewController.swift */,
				EF0FCE8E2C601C7A0057F989 /* CategoryTableViewCell.swift */,
			);
			path = Category;
			sourceTree = "<group>";
		};
		EF8A76682C5A2405008FC17D /* SpashViewController */ = {
			isa = PBXGroup;
			children = (
				EF8A76692C5A2417008FC17D /* SplashViewController.swift */,
				EF8A766B2C5A2430008FC17D /* FirstLaunchStorage.swift */,
			);
			path = SpashViewController;
			sourceTree = "<group>";
		};
		EF8A766D2C5A2449008FC17D /* Pages */ = {
			isa = PBXGroup;
			children = (
				EF8A766E2C5A245A008FC17D /* FirstPageViewController.swift */,
				EF8A76702C5A2479008FC17D /* SecondPageViewController.swift */,
			);
			path = Pages;
			sourceTree = "<group>";
		};
		EFB5C8E92B15DD5B00C6D900 /* TabBarController */ = {
			isa = PBXGroup;
			children = (
				EFB5C8E72B15DD1A00C6D900 /* TabBarController.swift */,
			);
			path = TabBarController;
			sourceTree = "<group>";
		};
		EFB5C8EA2B15E3DE00C6D900 /* AddingHabits */ = {
			isa = PBXGroup;
			children = (
				EF8A76652C5A1FED008FC17D /* Category */,
				EF882E9E2B108E6400E957FD /* TrackerViewController.swift */,
				EF8A76052C50DF13008FC17D /* HabitOrEventViewController.swift */,
				EF8A76072C50E451008FC17D /* TrackerCreatingViewController.swift */,
				EF8A76092C50E56C008FC17D /* ScheduleViewController.swift */,
				EF8A760F2C50E5D7008FC17D /* CollectionView */,
			);
			path = AddingHabits;
			sourceTree = "<group>";
		};
		EFB5C94F2B18A25800C6D900 /* Models */ = {
			isa = PBXGroup;
			children = (
				EFB5C9502B18A29300C6D900 /* Tracker.swift */,
				EFB5C9522B18A36900C6D900 /* TrackerCategory.swift */,
				EFB5C9542B18A3AE00C6D900 /* TrackerRecord.swift */,
				EF8A75FF2C50DE4B008FC17D /* WeekDay.swift */,
				EF8A76012C50DE6B008FC17D /* Mocks.swift */,
				EF8A76032C50DE91008FC17D /* GeometricParams.swift */,
				EF0FCE8A2C60115B0057F989 /* AlertModel.swift */,
				EF0FCE8C2C601A870057F989 /* FiltersModel.swift */,
				EF41E2F72C602BA60067C20B /* AnalyticsModel.swift */,
			);
			path = Models;
			sourceTree = "<group>";
		};
/* End PBXGroup section */

/* Begin PBXNativeTarget section */
		EF0FCE382C5CBD040057F989 /* TrakerUITests */ = {
			isa = PBXNativeTarget;
			buildConfigurationList = EF0FCE412C5CBD040057F989 /* Build configuration list for PBXNativeTarget "TrakerUITests" */;
			buildPhases = (
				47D3E625CF65BC5477219DC7 /* [CP] Check Pods Manifest.lock */,
				EF0FCE352C5CBD040057F989 /* Sources */,
				EF0FCE362C5CBD040057F989 /* Frameworks */,
				EF0FCE372C5CBD040057F989 /* Resources */,
				93DBBBC557E80C3DD88ADCC8 /* [CP] Embed Pods Frameworks */,
			);
			buildRules = (
			);
			dependencies = (
				EF0FCE402C5CBD040057F989 /* PBXTargetDependency */,
			);
			name = TrakerUITests;
			packageProductDependencies = (
				EF0FCE512C5CBDEB0057F989 /* InlineSnapshotTesting */,
				EF0FCE532C5CBDF00057F989 /* SnapshotTesting */,
			);
			productName = TrakerUITests;
			productReference = EF0FCE392C5CBD040057F989 /* TrakerUITests.xctest */;
			productType = "com.apple.product-type.bundle.ui-testing";
		};
		EF0FCE472C5CBD130057F989 /* TrakerTests */ = {
			isa = PBXNativeTarget;
			buildConfigurationList = EF0FCE4E2C5CBD130057F989 /* Build configuration list for PBXNativeTarget "TrakerTests" */;
			buildPhases = (
				7144B0ECF6DE839E2515F1A3 /* [CP] Check Pods Manifest.lock */,
				EF0FCE442C5CBD130057F989 /* Sources */,
				EF0FCE452C5CBD130057F989 /* Frameworks */,
				EF0FCE462C5CBD130057F989 /* Resources */,
			);
			buildRules = (
			);
			dependencies = (
				EF0FCE4D2C5CBD130057F989 /* PBXTargetDependency */,
			);
			name = TrakerTests;
			packageProductDependencies = (
				EF0FCE552C5FE32E0057F989 /* SnapshotTesting */,
				EF0FCE572C5FE3320057F989 /* InlineSnapshotTesting */,
			);
			productName = TrakerTests;
			productReference = EF0FCE482C5CBD130057F989 /* TrakerTests.xctest */;
			productType = "com.apple.product-type.bundle.unit-test";
		};
		EF882E962B108E6400E957FD /* Traker */ = {
			isa = PBXNativeTarget;
			buildConfigurationList = EF882EAB2B108E6500E957FD /* Build configuration list for PBXNativeTarget "Traker" */;
			buildPhases = (
				EC8212B5E0E12F0931F56638 /* [CP] Check Pods Manifest.lock */,
				EF882E932B108E6400E957FD /* Sources */,
				EF882E942B108E6400E957FD /* Frameworks */,
				EF882E952B108E6400E957FD /* Resources */,
				E92C2232D328F2139B05B8F7 /* [CP] Embed Pods Frameworks */,
			);
			buildRules = (
			);
			dependencies = (
			);
			name = Traker;
			productName = Traker;
			productReference = EF882E972B108E6400E957FD /* Traker.app */;
			productType = "com.apple.product-type.application";
		};
/* End PBXNativeTarget section */

/* Begin PBXProject section */
		EF882E8F2B108E6400E957FD /* Project object */ = {
			isa = PBXProject;
			attributes = {
				BuildIndependentTargetsInParallel = 1;
				LastSwiftUpdateCheck = 1430;
				LastUpgradeCheck = 1430;
				TargetAttributes = {
					EF0FCE382C5CBD040057F989 = {
						CreatedOnToolsVersion = 14.3.1;
						TestTargetID = EF882E962B108E6400E957FD;
					};
					EF0FCE472C5CBD130057F989 = {
						CreatedOnToolsVersion = 14.3.1;
						TestTargetID = EF882E962B108E6400E957FD;
					};
					EF882E962B108E6400E957FD = {
						CreatedOnToolsVersion = 14.3.1;
					};
				};
			};
			buildConfigurationList = EF882E922B108E6400E957FD /* Build configuration list for PBXProject "Traker" */;
			compatibilityVersion = "Xcode 14.0";
			developmentRegion = en;
			hasScannedForEncodings = 0;
			knownRegions = (
				en,
				Base,
				ru,
			);
			mainGroup = EF882E8E2B108E6400E957FD;
			packageReferences = (
				EF0FCE322C5CBCD30057F989 /* XCRemoteSwiftPackageReference "swift-snapshot-testing" */,
			);
			productRefGroup = EF882E982B108E6400E957FD /* Products */;
			projectDirPath = "";
			projectRoot = "";
			targets = (
				EF882E962B108E6400E957FD /* Traker */,
				EF0FCE382C5CBD040057F989 /* TrakerUITests */,
				EF0FCE472C5CBD130057F989 /* TrakerTests */,
			);
		};
/* End PBXProject section */

/* Begin PBXResourcesBuildPhase section */
		EF0FCE372C5CBD040057F989 /* Resources */ = {
			isa = PBXResourcesBuildPhase;
			buildActionMask = 2147483647;
			files = (
			);
			runOnlyForDeploymentPostprocessing = 0;
		};
		EF0FCE462C5CBD130057F989 /* Resources */ = {
			isa = PBXResourcesBuildPhase;
			buildActionMask = 2147483647;
			files = (
			);
			runOnlyForDeploymentPostprocessing = 0;
		};
		EF882E952B108E6400E957FD /* Resources */ = {
			isa = PBXResourcesBuildPhase;
			buildActionMask = 2147483647;
			files = (
				EF882EA72B108E6500E957FD /* LaunchScreen.storyboard in Resources */,
				EF0FCE742C600BC20057F989 /* InfoPlist.strings in Resources */,
				EF0FCE6E2C600B340057F989 /* Localizable.strings in Resources */,
				EF0FCE7B2C600C470057F989 /* Localizable.stringsdict in Resources */,
				EF882EA42B108E6500E957FD /* Assets.xcassets in Resources */,
			);
			runOnlyForDeploymentPostprocessing = 0;
		};
/* End PBXResourcesBuildPhase section */

/* Begin PBXShellScriptBuildPhase section */
		47D3E625CF65BC5477219DC7 /* [CP] Check Pods Manifest.lock */ = {
			isa = PBXShellScriptBuildPhase;
			buildActionMask = 2147483647;
			files = (
			);
			inputFileListPaths = (
			);
			inputPaths = (
				"${PODS_PODFILE_DIR_PATH}/Podfile.lock",
				"${PODS_ROOT}/Manifest.lock",
			);
			name = "[CP] Check Pods Manifest.lock";
			outputFileListPaths = (
			);
			outputPaths = (
				"$(DERIVED_FILE_DIR)/Pods-Traker-TrakerUITests-checkManifestLockResult.txt",
			);
			runOnlyForDeploymentPostprocessing = 0;
			shellPath = /bin/sh;
			shellScript = "diff \"${PODS_PODFILE_DIR_PATH}/Podfile.lock\" \"${PODS_ROOT}/Manifest.lock\" > /dev/null\nif [ $? != 0 ] ; then\n    # print error to STDERR\n    echo \"error: The sandbox is not in sync with the Podfile.lock. Run 'pod install' or update your CocoaPods installation.\" >&2\n    exit 1\nfi\n# This output is used by Xcode 'outputs' to avoid re-running this script phase.\necho \"SUCCESS\" > \"${SCRIPT_OUTPUT_FILE_0}\"\n";
			showEnvVarsInLog = 0;
		};
		7144B0ECF6DE839E2515F1A3 /* [CP] Check Pods Manifest.lock */ = {
			isa = PBXShellScriptBuildPhase;
			buildActionMask = 2147483647;
			files = (
			);
			inputFileListPaths = (
			);
			inputPaths = (
				"${PODS_PODFILE_DIR_PATH}/Podfile.lock",
				"${PODS_ROOT}/Manifest.lock",
			);
			name = "[CP] Check Pods Manifest.lock";
			outputFileListPaths = (
			);
			outputPaths = (
				"$(DERIVED_FILE_DIR)/Pods-TrakerTests-checkManifestLockResult.txt",
			);
			runOnlyForDeploymentPostprocessing = 0;
			shellPath = /bin/sh;
			shellScript = "diff \"${PODS_PODFILE_DIR_PATH}/Podfile.lock\" \"${PODS_ROOT}/Manifest.lock\" > /dev/null\nif [ $? != 0 ] ; then\n    # print error to STDERR\n    echo \"error: The sandbox is not in sync with the Podfile.lock. Run 'pod install' or update your CocoaPods installation.\" >&2\n    exit 1\nfi\n# This output is used by Xcode 'outputs' to avoid re-running this script phase.\necho \"SUCCESS\" > \"${SCRIPT_OUTPUT_FILE_0}\"\n";
			showEnvVarsInLog = 0;
		};
		93DBBBC557E80C3DD88ADCC8 /* [CP] Embed Pods Frameworks */ = {
			isa = PBXShellScriptBuildPhase;
			buildActionMask = 2147483647;
			files = (
			);
			inputFileListPaths = (
				"${PODS_ROOT}/Target Support Files/Pods-Traker-TrakerUITests/Pods-Traker-TrakerUITests-frameworks-${CONFIGURATION}-input-files.xcfilelist",
			);
			name = "[CP] Embed Pods Frameworks";
			outputFileListPaths = (
				"${PODS_ROOT}/Target Support Files/Pods-Traker-TrakerUITests/Pods-Traker-TrakerUITests-frameworks-${CONFIGURATION}-output-files.xcfilelist",
			);
			runOnlyForDeploymentPostprocessing = 0;
			shellPath = /bin/sh;
			shellScript = "\"${PODS_ROOT}/Target Support Files/Pods-Traker-TrakerUITests/Pods-Traker-TrakerUITests-frameworks.sh\"\n";
			showEnvVarsInLog = 0;
		};
		E92C2232D328F2139B05B8F7 /* [CP] Embed Pods Frameworks */ = {
			isa = PBXShellScriptBuildPhase;
			buildActionMask = 2147483647;
			files = (
			);
			inputFileListPaths = (
				"${PODS_ROOT}/Target Support Files/Pods-Traker/Pods-Traker-frameworks-${CONFIGURATION}-input-files.xcfilelist",
			);
			name = "[CP] Embed Pods Frameworks";
			outputFileListPaths = (
				"${PODS_ROOT}/Target Support Files/Pods-Traker/Pods-Traker-frameworks-${CONFIGURATION}-output-files.xcfilelist",
			);
			runOnlyForDeploymentPostprocessing = 0;
			shellPath = /bin/sh;
			shellScript = "\"${PODS_ROOT}/Target Support Files/Pods-Traker/Pods-Traker-frameworks.sh\"\n";
			showEnvVarsInLog = 0;
		};
		EC8212B5E0E12F0931F56638 /* [CP] Check Pods Manifest.lock */ = {
			isa = PBXShellScriptBuildPhase;
			buildActionMask = 2147483647;
			files = (
			);
			inputFileListPaths = (
			);
			inputPaths = (
				"${PODS_PODFILE_DIR_PATH}/Podfile.lock",
				"${PODS_ROOT}/Manifest.lock",
			);
			name = "[CP] Check Pods Manifest.lock";
			outputFileListPaths = (
			);
			outputPaths = (
				"$(DERIVED_FILE_DIR)/Pods-Traker-checkManifestLockResult.txt",
			);
			runOnlyForDeploymentPostprocessing = 0;
			shellPath = /bin/sh;
			shellScript = "diff \"${PODS_PODFILE_DIR_PATH}/Podfile.lock\" \"${PODS_ROOT}/Manifest.lock\" > /dev/null\nif [ $? != 0 ] ; then\n    # print error to STDERR\n    echo \"error: The sandbox is not in sync with the Podfile.lock. Run 'pod install' or update your CocoaPods installation.\" >&2\n    exit 1\nfi\n# This output is used by Xcode 'outputs' to avoid re-running this script phase.\necho \"SUCCESS\" > \"${SCRIPT_OUTPUT_FILE_0}\"\n";
			showEnvVarsInLog = 0;
		};
/* End PBXShellScriptBuildPhase section */

/* Begin PBXSourcesBuildPhase section */
		EF0FCE352C5CBD040057F989 /* Sources */ = {
			isa = PBXSourcesBuildPhase;
			buildActionMask = 2147483647;
			files = (
				EF0FCE3C2C5CBD040057F989 /* TrakerUITests.swift in Sources */,
				EF0FCE3E2C5CBD040057F989 /* TrakerUITestsLaunchTests.swift in Sources */,
			);
			runOnlyForDeploymentPostprocessing = 0;
		};
		EF0FCE442C5CBD130057F989 /* Sources */ = {
			isa = PBXSourcesBuildPhase;
			buildActionMask = 2147483647;
			files = (
				EF0FCE4B2C5CBD130057F989 /* TrakerTests.swift in Sources */,
			);
			runOnlyForDeploymentPostprocessing = 0;
		};
		EF882E932B108E6400E957FD /* Sources */ = {
			isa = PBXSourcesBuildPhase;
			buildActionMask = 2147483647;
			files = (
				EF8A761B2C50E718008FC17D /* CustomTextField.swift in Sources */,
				EF8A76002C50DE4B008FC17D /* WeekDay.swift in Sources */,
				EF882E9F2B108E6400E957FD /* TrackerViewController.swift in Sources */,
				EF0FCE942C601E5D0057F989 /* FiltersTableViewCell.swift in Sources */,
				EF0FCE962C601E720057F989 /* UserDefaults.swift in Sources */,
				EF882EB22B13A46700E957FD /* StatisticsViewController.swift in Sources */,
				EF0FCE832C600F290057F989 /* UIView + Extension.swift in Sources */,
				EF8A766A2C5A2417008FC17D /* SplashViewController.swift in Sources */,
				EFB5C9532B18A36A00C6D900 /* TrackerCategory.swift in Sources */,
				EF882EB02B13881A00E957FD /* UIColors + Extantions.swift in Sources */,
				EF0FCE862C600FF60057F989 /* StatisticsViewModel.swift in Sources */,
				EF8A762F2C57932A008FC17D /* Errors.swift in Sources */,
				EF8A760C2C50E586008FC17D /* CategoriesViewController.swift in Sources */,
				EF8A76712C5A2479008FC17D /* SecondPageViewController.swift in Sources */,
				EF8A762D2C5792FE008FC17D /* ColorTransformer.swift in Sources */,
				EF8A76132C50E60D008FC17D /* EmojiCell.swift in Sources */,
				EF8A766C2C5A2430008FC17D /* FirstLaunchStorage.swift in Sources */,
				EF0FCE892C60103B0057F989 /* AlertPresenter.swift in Sources */,
				EF0FCE8B2C60115B0057F989 /* AlertModel.swift in Sources */,
				EF0FCE612C60099A0057F989 /* Generated.swift in Sources */,
				EFB5C8E82B15DD1A00C6D900 /* TabBarController.swift in Sources */,
				EF8A76022C50DE6B008FC17D /* Mocks.swift in Sources */,
				EF8A76042C50DE91008FC17D /* GeometricParams.swift in Sources */,
				EF8A76282C578EEE008FC17D /* TrackerRecordStore.swift in Sources */,
				EF8A76192C50E6F7008FC17D /* enumForSections.swift in Sources */,
				EF8A76112C50E5F4008FC17D /* TrackerCell.swift in Sources */,
				EF8A76672C5A2134008FC17D /* CategoryViewModel.swift in Sources */,
				EF8A760E2C50E5A7008FC17D /* NewCategoryViewController.swift in Sources */,
				EF8A76242C578EA7008FC17D /* TrackerStore.swift in Sources */,
				EFB5C9552B18A3AE00C6D900 /* TrackerRecord.swift in Sources */,
				EF8A75FA2C50DD54008FC17D /* Date + Extension.swift in Sources */,
				EF8A75FC2C50DDDC008FC17D /* UISearchBar + Extension.swift in Sources */,
				EF8A766F2C5A245A008FC17D /* FirstPageViewController.swift in Sources */,
				EF882E9B2B108E6400E957FD /* AppDelegate.swift in Sources */,
				EF8A76062C50DF13008FC17D /* HabitOrEventViewController.swift in Sources */,
				EF8A762B2C5792E6008FC17D /* DaysValueTransformer.swift in Sources */,
				EFB5C9512B18A29300C6D900 /* Tracker.swift in Sources */,
				EF8A760A2C50E56C008FC17D /* ScheduleViewController.swift in Sources */,
				EF41E2F82C602BA60067C20B /* AnalyticsModel.swift in Sources */,
				EF8A76172C50E63F008FC17D /* SupplementaryView.swift in Sources */,
				EF8A75FE2C50DDF3008FC17D /* UIImage + Extension.swift in Sources */,
				EF8A76732C5A249B008FC17D /* OnboardingViewController.swift in Sources */,
				EF0FCE8F2C601C7A0057F989 /* CategoryTableViewCell.swift in Sources */,
				EF0FCE8D2C601A870057F989 /* FiltersModel.swift in Sources */,
				EF8A76262C578ECA008FC17D /* TrackerCategoryStore.swift in Sources */,
				EF0FCE812C600DCB0057F989 /* YandexMetrica.swift in Sources */,
				EF8A75F82C50DD31008FC17D /* Int + Extension.swift in Sources */,
				EF0FCE922C601E490057F989 /* FiltersViewController.swift in Sources */,
				EF8A76082C50E451008FC17D /* TrackerCreatingViewController.swift in Sources */,
				EF8A761D2C50E937008FC17D /* SceneDelegate.swift in Sources */,
				EF8A76152C50E623008FC17D /* ColorCell.swift in Sources */,
				EF8A76212C577C4D008FC17D /* TrackerModels.xcdatamodeld in Sources */,
				EF8A75F62C50DD11008FC17D /* UIViewController + Extension.swift in Sources */,
			);
			runOnlyForDeploymentPostprocessing = 0;
		};
/* End PBXSourcesBuildPhase section */

/* Begin PBXTargetDependency section */
		EF0FCE402C5CBD040057F989 /* PBXTargetDependency */ = {
			isa = PBXTargetDependency;
			target = EF882E962B108E6400E957FD /* Traker */;
			targetProxy = EF0FCE3F2C5CBD040057F989 /* PBXContainerItemProxy */;
		};
		EF0FCE4D2C5CBD130057F989 /* PBXTargetDependency */ = {
			isa = PBXTargetDependency;
			target = EF882E962B108E6400E957FD /* Traker */;
			targetProxy = EF0FCE4C2C5CBD130057F989 /* PBXContainerItemProxy */;
		};
/* End PBXTargetDependency section */

/* Begin PBXVariantGroup section */
		EF0FCE702C600B340057F989 /* Localizable.strings */ = {
			isa = PBXVariantGroup;
			children = (
				EF0FCE6F2C600B340057F989 /* ru */,
				EF0FCE712C600B390057F989 /* en */,
			);
			name = Localizable.strings;
			sourceTree = "<group>";
		};
		EF0FCE762C600BC20057F989 /* InfoPlist.strings */ = {
			isa = PBXVariantGroup;
			children = (
				EF0FCE752C600BC20057F989 /* en */,
				EF0FCE772C600BC50057F989 /* ru */,
			);
			name = InfoPlist.strings;
			sourceTree = "<group>";
		};
		EF0FCE7D2C600C470057F989 /* Localizable.stringsdict */ = {
			isa = PBXVariantGroup;
			children = (
				EF0FCE7C2C600C470057F989 /* en */,
				EF0FCE7E2C600C4C0057F989 /* ru */,
			);
			name = Localizable.stringsdict;
			sourceTree = "<group>";
		};
		EF882EA52B108E6500E957FD /* LaunchScreen.storyboard */ = {
			isa = PBXVariantGroup;
			children = (
				EF882EA62B108E6500E957FD /* Base */,
				EF0FCE6D2C600B2B0057F989 /* ru */,
			);
			name = LaunchScreen.storyboard;
			sourceTree = "<group>";
		};
/* End PBXVariantGroup section */

/* Begin XCBuildConfiguration section */
		EF0FCE422C5CBD040057F989 /* Debug */ = {
			isa = XCBuildConfiguration;
			baseConfigurationReference = 7058CB5A06C52C919EB80166 /* Pods-Traker-TrakerUITests.debug.xcconfig */;
			buildSettings = {
				CODE_SIGN_STYLE = Automatic;
				CURRENT_PROJECT_VERSION = 1;
				DEVELOPMENT_TEAM = 3QK6978YSZ;
				GENERATE_INFOPLIST_FILE = YES;
				MARKETING_VERSION = 1.0;
				PRODUCT_BUNDLE_IDENTIFIER = ru.yandex.practicum.TrakerUITests;
				PRODUCT_NAME = "$(TARGET_NAME)";
				SWIFT_EMIT_LOC_STRINGS = NO;
				SWIFT_VERSION = 5.0;
				TARGETED_DEVICE_FAMILY = "1,2";
				TEST_TARGET_NAME = Traker;
			};
			name = Debug;
		};
		EF0FCE432C5CBD040057F989 /* Release */ = {
			isa = XCBuildConfiguration;
			baseConfigurationReference = 2CD78D38C436D7B09557FA23 /* Pods-Traker-TrakerUITests.release.xcconfig */;
			buildSettings = {
				CODE_SIGN_STYLE = Automatic;
				CURRENT_PROJECT_VERSION = 1;
				DEVELOPMENT_TEAM = 3QK6978YSZ;
				GENERATE_INFOPLIST_FILE = YES;
				MARKETING_VERSION = 1.0;
				PRODUCT_BUNDLE_IDENTIFIER = ru.yandex.practicum.TrakerUITests;
				PRODUCT_NAME = "$(TARGET_NAME)";
				SWIFT_EMIT_LOC_STRINGS = NO;
				SWIFT_VERSION = 5.0;
				TARGETED_DEVICE_FAMILY = "1,2";
				TEST_TARGET_NAME = Traker;
			};
			name = Release;
		};
		EF0FCE4F2C5CBD130057F989 /* Debug */ = {
			isa = XCBuildConfiguration;
			baseConfigurationReference = 43C713E2B189A8EC9F791355 /* Pods-TrakerTests.debug.xcconfig */;
			buildSettings = {
				BUNDLE_LOADER = "$(TEST_HOST)";
				CODE_SIGN_STYLE = Automatic;
				CURRENT_PROJECT_VERSION = 1;
				DEVELOPMENT_TEAM = 3QK6978YSZ;
				GENERATE_INFOPLIST_FILE = YES;
				MARKETING_VERSION = 1.0;
				PRODUCT_BUNDLE_IDENTIFIER = ru.yandex.practicum.TrakerTests;
				PRODUCT_NAME = "$(TARGET_NAME)";
				SWIFT_EMIT_LOC_STRINGS = NO;
				SWIFT_VERSION = 5.0;
				TARGETED_DEVICE_FAMILY = "1,2";
				TEST_HOST = "$(BUILT_PRODUCTS_DIR)/Traker.app/$(BUNDLE_EXECUTABLE_FOLDER_PATH)/Traker";
			};
			name = Debug;
		};
		EF0FCE502C5CBD130057F989 /* Release */ = {
			isa = XCBuildConfiguration;
			baseConfigurationReference = 5BCFCAB516AAB3490B7A353F /* Pods-TrakerTests.release.xcconfig */;
			buildSettings = {
				BUNDLE_LOADER = "$(TEST_HOST)";
				CODE_SIGN_STYLE = Automatic;
				CURRENT_PROJECT_VERSION = 1;
				DEVELOPMENT_TEAM = 3QK6978YSZ;
				GENERATE_INFOPLIST_FILE = YES;
				MARKETING_VERSION = 1.0;
				PRODUCT_BUNDLE_IDENTIFIER = ru.yandex.practicum.TrakerTests;
				PRODUCT_NAME = "$(TARGET_NAME)";
				SWIFT_EMIT_LOC_STRINGS = NO;
				SWIFT_VERSION = 5.0;
				TARGETED_DEVICE_FAMILY = "1,2";
				TEST_HOST = "$(BUILT_PRODUCTS_DIR)/Traker.app/$(BUNDLE_EXECUTABLE_FOLDER_PATH)/Traker";
			};
			name = Release;
		};
		EF882EA92B108E6500E957FD /* Debug */ = {
			isa = XCBuildConfiguration;
			buildSettings = {
				ALWAYS_SEARCH_USER_PATHS = NO;
				CLANG_ANALYZER_LOCALIZABILITY_NONLOCALIZED = YES;
				CLANG_ANALYZER_NONNULL = YES;
				CLANG_ANALYZER_NUMBER_OBJECT_CONVERSION = YES_AGGRESSIVE;
				CLANG_CXX_LANGUAGE_STANDARD = "gnu++20";
				CLANG_ENABLE_MODULES = YES;
				CLANG_ENABLE_OBJC_ARC = YES;
				CLANG_ENABLE_OBJC_WEAK = YES;
				CLANG_WARN_BLOCK_CAPTURE_AUTORELEASING = YES;
				CLANG_WARN_BOOL_CONVERSION = YES;
				CLANG_WARN_COMMA = YES;
				CLANG_WARN_CONSTANT_CONVERSION = YES;
				CLANG_WARN_DEPRECATED_OBJC_IMPLEMENTATIONS = YES;
				CLANG_WARN_DIRECT_OBJC_ISA_USAGE = YES_ERROR;
				CLANG_WARN_DOCUMENTATION_COMMENTS = YES;
				CLANG_WARN_EMPTY_BODY = YES;
				CLANG_WARN_ENUM_CONVERSION = YES;
				CLANG_WARN_INFINITE_RECURSION = YES;
				CLANG_WARN_INT_CONVERSION = YES;
				CLANG_WARN_NON_LITERAL_NULL_CONVERSION = YES;
				CLANG_WARN_OBJC_IMPLICIT_RETAIN_SELF = YES;
				CLANG_WARN_OBJC_LITERAL_CONVERSION = YES;
				CLANG_WARN_OBJC_ROOT_CLASS = YES_ERROR;
				CLANG_WARN_QUOTED_INCLUDE_IN_FRAMEWORK_HEADER = YES;
				CLANG_WARN_RANGE_LOOP_ANALYSIS = YES;
				CLANG_WARN_STRICT_PROTOTYPES = YES;
				CLANG_WARN_SUSPICIOUS_MOVE = YES;
				CLANG_WARN_UNGUARDED_AVAILABILITY = YES_AGGRESSIVE;
				CLANG_WARN_UNREACHABLE_CODE = YES;
				CLANG_WARN__DUPLICATE_METHOD_MATCH = YES;
				COPY_PHASE_STRIP = NO;
				DEBUG_INFORMATION_FORMAT = dwarf;
				ENABLE_STRICT_OBJC_MSGSEND = YES;
				ENABLE_TESTABILITY = YES;
				GCC_C_LANGUAGE_STANDARD = gnu11;
				GCC_DYNAMIC_NO_PIC = NO;
				GCC_NO_COMMON_BLOCKS = YES;
				GCC_OPTIMIZATION_LEVEL = 0;
				GCC_PREPROCESSOR_DEFINITIONS = (
					"DEBUG=1",
					"$(inherited)",
				);
				GCC_WARN_64_TO_32_BIT_CONVERSION = YES;
				GCC_WARN_ABOUT_RETURN_TYPE = YES_ERROR;
				GCC_WARN_UNDECLARED_SELECTOR = YES;
				GCC_WARN_UNINITIALIZED_AUTOS = YES_AGGRESSIVE;
				GCC_WARN_UNUSED_FUNCTION = YES;
				GCC_WARN_UNUSED_VARIABLE = YES;
				IPHONEOS_DEPLOYMENT_TARGET = 16.4;
				MTL_ENABLE_DEBUG_INFO = INCLUDE_SOURCE;
				MTL_FAST_MATH = YES;
				ONLY_ACTIVE_ARCH = YES;
				SDKROOT = iphoneos;
				SWIFT_ACTIVE_COMPILATION_CONDITIONS = DEBUG;
				SWIFT_OPTIMIZATION_LEVEL = "-Onone";
			};
			name = Debug;
		};
		EF882EAA2B108E6500E957FD /* Release */ = {
			isa = XCBuildConfiguration;
			buildSettings = {
				ALWAYS_SEARCH_USER_PATHS = NO;
				CLANG_ANALYZER_LOCALIZABILITY_NONLOCALIZED = YES;
				CLANG_ANALYZER_NONNULL = YES;
				CLANG_ANALYZER_NUMBER_OBJECT_CONVERSION = YES_AGGRESSIVE;
				CLANG_CXX_LANGUAGE_STANDARD = "gnu++20";
				CLANG_ENABLE_MODULES = YES;
				CLANG_ENABLE_OBJC_ARC = YES;
				CLANG_ENABLE_OBJC_WEAK = YES;
				CLANG_WARN_BLOCK_CAPTURE_AUTORELEASING = YES;
				CLANG_WARN_BOOL_CONVERSION = YES;
				CLANG_WARN_COMMA = YES;
				CLANG_WARN_CONSTANT_CONVERSION = YES;
				CLANG_WARN_DEPRECATED_OBJC_IMPLEMENTATIONS = YES;
				CLANG_WARN_DIRECT_OBJC_ISA_USAGE = YES_ERROR;
				CLANG_WARN_DOCUMENTATION_COMMENTS = YES;
				CLANG_WARN_EMPTY_BODY = YES;
				CLANG_WARN_ENUM_CONVERSION = YES;
				CLANG_WARN_INFINITE_RECURSION = YES;
				CLANG_WARN_INT_CONVERSION = YES;
				CLANG_WARN_NON_LITERAL_NULL_CONVERSION = YES;
				CLANG_WARN_OBJC_IMPLICIT_RETAIN_SELF = YES;
				CLANG_WARN_OBJC_LITERAL_CONVERSION = YES;
				CLANG_WARN_OBJC_ROOT_CLASS = YES_ERROR;
				CLANG_WARN_QUOTED_INCLUDE_IN_FRAMEWORK_HEADER = YES;
				CLANG_WARN_RANGE_LOOP_ANALYSIS = YES;
				CLANG_WARN_STRICT_PROTOTYPES = YES;
				CLANG_WARN_SUSPICIOUS_MOVE = YES;
				CLANG_WARN_UNGUARDED_AVAILABILITY = YES_AGGRESSIVE;
				CLANG_WARN_UNREACHABLE_CODE = YES;
				CLANG_WARN__DUPLICATE_METHOD_MATCH = YES;
				COPY_PHASE_STRIP = NO;
				DEBUG_INFORMATION_FORMAT = "dwarf-with-dsym";
				ENABLE_NS_ASSERTIONS = NO;
				ENABLE_STRICT_OBJC_MSGSEND = YES;
				GCC_C_LANGUAGE_STANDARD = gnu11;
				GCC_NO_COMMON_BLOCKS = YES;
				GCC_WARN_64_TO_32_BIT_CONVERSION = YES;
				GCC_WARN_ABOUT_RETURN_TYPE = YES_ERROR;
				GCC_WARN_UNDECLARED_SELECTOR = YES;
				GCC_WARN_UNINITIALIZED_AUTOS = YES_AGGRESSIVE;
				GCC_WARN_UNUSED_FUNCTION = YES;
				GCC_WARN_UNUSED_VARIABLE = YES;
				IPHONEOS_DEPLOYMENT_TARGET = 16.4;
				MTL_ENABLE_DEBUG_INFO = NO;
				MTL_FAST_MATH = YES;
				SDKROOT = iphoneos;
				SWIFT_COMPILATION_MODE = wholemodule;
				SWIFT_OPTIMIZATION_LEVEL = "-O";
				VALIDATE_PRODUCT = YES;
			};
			name = Release;
		};
		EF882EAC2B108E6500E957FD /* Debug */ = {
			isa = XCBuildConfiguration;
			baseConfigurationReference = 0A9803A4E104C2886D497A18 /* Pods-Traker.debug.xcconfig */;
			buildSettings = {
				ASSETCATALOG_COMPILER_APPICON_NAME = AppIcon;
				ASSETCATALOG_COMPILER_GLOBAL_ACCENT_COLOR_NAME = AccentColor;
				CODE_SIGN_STYLE = Automatic;
				CURRENT_PROJECT_VERSION = 1;
				DEVELOPMENT_TEAM = 3QK6978YSZ;
				GENERATE_INFOPLIST_FILE = YES;
				INFOPLIST_FILE = Traker/Info.plist;
				INFOPLIST_KEY_LSApplicationCategoryType = "public.app-category.productivity";
				INFOPLIST_KEY_UIApplicationSupportsIndirectInputEvents = YES;
				INFOPLIST_KEY_UILaunchStoryboardName = LaunchScreen;
				INFOPLIST_KEY_UIStatusBarStyle = UIStatusBarStyleLightContent;
				INFOPLIST_KEY_UISupportedInterfaceOrientations_iPad = "UIInterfaceOrientationPortrait UIInterfaceOrientationPortraitUpsideDown UIInterfaceOrientationLandscapeLeft UIInterfaceOrientationLandscapeRight";
				INFOPLIST_KEY_UISupportedInterfaceOrientations_iPhone = UIInterfaceOrientationPortrait;
				IPHONEOS_DEPLOYMENT_TARGET = 13.4;
				LD_RUNPATH_SEARCH_PATHS = (
					"$(inherited)",
					"@executable_path/Frameworks",
				);
				MARKETING_VERSION = 1.0;
				PRODUCT_BUNDLE_IDENTIFIER = ru.yandex.practicum.Traker;
				PRODUCT_NAME = "$(TARGET_NAME)";
				SUPPORTED_PLATFORMS = "iphoneos iphonesimulator";
				SUPPORTS_MACCATALYST = NO;
				SUPPORTS_MAC_DESIGNED_FOR_IPHONE_IPAD = NO;
				SWIFT_EMIT_LOC_STRINGS = YES;
				SWIFT_VERSION = 5.0;
				TARGETED_DEVICE_FAMILY = 1;
			};
			name = Debug;
		};
		EF882EAD2B108E6500E957FD /* Release */ = {
			isa = XCBuildConfiguration;
			baseConfigurationReference = 9C4A0626B41FC590A58B569F /* Pods-Traker.release.xcconfig */;
			buildSettings = {
				ASSETCATALOG_COMPILER_APPICON_NAME = AppIcon;
				ASSETCATALOG_COMPILER_GLOBAL_ACCENT_COLOR_NAME = AccentColor;
				CODE_SIGN_STYLE = Automatic;
				CURRENT_PROJECT_VERSION = 1;
				DEVELOPMENT_TEAM = 3QK6978YSZ;
				GENERATE_INFOPLIST_FILE = YES;
				INFOPLIST_FILE = Traker/Info.plist;
				INFOPLIST_KEY_LSApplicationCategoryType = "public.app-category.productivity";
				INFOPLIST_KEY_UIApplicationSupportsIndirectInputEvents = YES;
				INFOPLIST_KEY_UILaunchStoryboardName = LaunchScreen;
				INFOPLIST_KEY_UIStatusBarStyle = UIStatusBarStyleLightContent;
				INFOPLIST_KEY_UISupportedInterfaceOrientations_iPad = "UIInterfaceOrientationPortrait UIInterfaceOrientationPortraitUpsideDown UIInterfaceOrientationLandscapeLeft UIInterfaceOrientationLandscapeRight";
				INFOPLIST_KEY_UISupportedInterfaceOrientations_iPhone = UIInterfaceOrientationPortrait;
				IPHONEOS_DEPLOYMENT_TARGET = 13.4;
				LD_RUNPATH_SEARCH_PATHS = (
					"$(inherited)",
					"@executable_path/Frameworks",
				);
				MARKETING_VERSION = 1.0;
				PRODUCT_BUNDLE_IDENTIFIER = ru.yandex.practicum.Traker;
				PRODUCT_NAME = "$(TARGET_NAME)";
				SUPPORTED_PLATFORMS = "iphoneos iphonesimulator";
				SUPPORTS_MACCATALYST = NO;
				SUPPORTS_MAC_DESIGNED_FOR_IPHONE_IPAD = NO;
				SWIFT_EMIT_LOC_STRINGS = YES;
				SWIFT_VERSION = 5.0;
				TARGETED_DEVICE_FAMILY = 1;
			};
			name = Release;
		};
/* End XCBuildConfiguration section */

/* Begin XCConfigurationList section */
		EF0FCE412C5CBD040057F989 /* Build configuration list for PBXNativeTarget "TrakerUITests" */ = {
			isa = XCConfigurationList;
			buildConfigurations = (
				EF0FCE422C5CBD040057F989 /* Debug */,
				EF0FCE432C5CBD040057F989 /* Release */,
			);
			defaultConfigurationIsVisible = 0;
			defaultConfigurationName = Release;
		};
		EF0FCE4E2C5CBD130057F989 /* Build configuration list for PBXNativeTarget "TrakerTests" */ = {
			isa = XCConfigurationList;
			buildConfigurations = (
				EF0FCE4F2C5CBD130057F989 /* Debug */,
				EF0FCE502C5CBD130057F989 /* Release */,
			);
			defaultConfigurationIsVisible = 0;
			defaultConfigurationName = Release;
		};
		EF882E922B108E6400E957FD /* Build configuration list for PBXProject "Traker" */ = {
			isa = XCConfigurationList;
			buildConfigurations = (
				EF882EA92B108E6500E957FD /* Debug */,
				EF882EAA2B108E6500E957FD /* Release */,
			);
			defaultConfigurationIsVisible = 0;
			defaultConfigurationName = Release;
		};
		EF882EAB2B108E6500E957FD /* Build configuration list for PBXNativeTarget "Traker" */ = {
			isa = XCConfigurationList;
			buildConfigurations = (
				EF882EAC2B108E6500E957FD /* Debug */,
				EF882EAD2B108E6500E957FD /* Release */,
			);
			defaultConfigurationIsVisible = 0;
			defaultConfigurationName = Release;
		};
/* End XCConfigurationList section */

/* Begin XCRemoteSwiftPackageReference section */
		EF0FCE322C5CBCD30057F989 /* XCRemoteSwiftPackageReference "swift-snapshot-testing" */ = {
			isa = XCRemoteSwiftPackageReference;
			repositoryURL = "https://github.com/pointfreeco/swift-snapshot-testing.git";
			requirement = {
				kind = upToNextMajorVersion;
				minimumVersion = 1.0.0;
			};
		};
/* End XCRemoteSwiftPackageReference section */

/* Begin XCSwiftPackageProductDependency section */
		EF0FCE512C5CBDEB0057F989 /* InlineSnapshotTesting */ = {
			isa = XCSwiftPackageProductDependency;
			package = EF0FCE322C5CBCD30057F989 /* XCRemoteSwiftPackageReference "swift-snapshot-testing" */;
			productName = InlineSnapshotTesting;
		};
		EF0FCE532C5CBDF00057F989 /* SnapshotTesting */ = {
			isa = XCSwiftPackageProductDependency;
			package = EF0FCE322C5CBCD30057F989 /* XCRemoteSwiftPackageReference "swift-snapshot-testing" */;
			productName = SnapshotTesting;
		};
		EF0FCE552C5FE32E0057F989 /* SnapshotTesting */ = {
			isa = XCSwiftPackageProductDependency;
			package = EF0FCE322C5CBCD30057F989 /* XCRemoteSwiftPackageReference "swift-snapshot-testing" */;
			productName = SnapshotTesting;
		};
		EF0FCE572C5FE3320057F989 /* InlineSnapshotTesting */ = {
			isa = XCSwiftPackageProductDependency;
			package = EF0FCE322C5CBCD30057F989 /* XCRemoteSwiftPackageReference "swift-snapshot-testing" */;
			productName = InlineSnapshotTesting;
		};
/* End XCSwiftPackageProductDependency section */

/* Begin XCVersionGroup section */
		EF8A761F2C577C4D008FC17D /* TrackerModels.xcdatamodeld */ = {
			isa = XCVersionGroup;
			children = (
				EF8A76202C577C4D008FC17D /* TrackerModels.xcdatamodel */,
			);
			currentVersion = EF8A76202C577C4D008FC17D /* TrackerModels.xcdatamodel */;
			path = TrackerModels.xcdatamodeld;
			sourceTree = "<group>";
			versionGroupType = wrapper.xcdatamodel;
		};
/* End XCVersionGroup section */
	};
	rootObject = EF882E8F2B108E6400E957FD /* Project object */;
}
